
Microsoft Visual Studio Solution File, Format Version 12.00
# Visual Studio 15
VisualStudioVersion = 15.0.27428.2043
MinimumVisualStudioVersion = 10.0.40219.1
Project("{FAE04EC0-301F-11D3-BF4B-00C04F79EFBC}") = "LISTING 4-14 WebClient", "LISTING 4-14 WebClient\LISTING 4-14 WebClient.csproj", "{FE3C7E1C-596F-41A5-A33C-E4D3488B0676}"
EndProject
Global
	GlobalSection(SolutionConfigurationPlatforms) = preSolution
		Debug|Any CPU = Debug|Any CPU
		Release|Any CPU = Release|Any CPU
	EndGlobalSection
	GlobalSection(ProjectConfigurationPlatforms) = postSolution
		{FE3C7E1C-596F-41A5-A33C-E4D3488B0676}.Debug|Any CPU.ActiveCfg = Debug|Any CPU
		{FE3C7E1C-596F-41A5-A33C-E4D3488B0676}.Debug|Any CPU.Build.0 = Debug|Any CPU
		{FE3C7E1C-596F-41A5-A33C-E4D3488B0676}.Release|Any CPU.ActiveCfg = Release|Any CPU
		{FE3C7E1C-596F-41A5-A33C-E4D3488B0676}.Release|Any CPU.Build.0 = Release|Any CPU
	EndGlobalSection
	GlobalSection(SolutionProperties) = preSolution
		HideSolutionNode = FALSE
	EndGlobalSection
	GlobalSection(ExtensibilityGlobals) = postSolution
		SolutionGuid = {A5DADEC2-AF69-496C-B55D-2E633BFE9C69}
	EndGlobalSection
EndGlobal
