
Microsoft Visual Studio Solution File, Format Version 12.00
# Visual Studio 15
VisualStudioVersion = 15.0.27428.2043
MinimumVisualStudioVersion = 10.0.40219.1
Project("{FAE04EC0-301F-11D3-BF4B-00C04F79EFBC}") = "LISTING 4-66 Dictionary modification", "LISTING 4-66 Dictionary modification\LISTING 4-66 Dictionary modification.csproj", "{BD85B261-C85E-4181-86FF-E42DD234E992}"
EndProject
Global
	GlobalSection(SolutionConfigurationPlatforms) = preSolution
		Debug|Any CPU = Debug|Any CPU
		Release|Any CPU = Release|Any CPU
	EndGlobalSection
	GlobalSection(ProjectConfigurationPlatforms) = postSolution
		{BD85B261-C85E-4181-86FF-E42DD234E992}.Debug|Any CPU.ActiveCfg = Debug|Any CPU
		{BD85B261-C85E-4181-86FF-E42DD234E992}.Debug|Any CPU.Build.0 = Debug|Any CPU
		{BD85B261-C85E-4181-86FF-E42DD234E992}.Release|Any CPU.ActiveCfg = Release|Any CPU
		{BD85B261-C85E-4181-86FF-E42DD234E992}.Release|Any CPU.Build.0 = Release|Any CPU
	EndGlobalSection
	GlobalSection(SolutionProperties) = preSolution
		HideSolutionNode = FALSE
	EndGlobalSection
	GlobalSection(ExtensibilityGlobals) = postSolution
		SolutionGuid = {FF1C9C8E-4B00-4CD8-9766-B8FC461ACFF7}
	EndGlobalSection
EndGlobal
