
Microsoft Visual Studio Solution File, Format Version 12.00
# Visual Studio 15
VisualStudioVersion = 15.0.27130.2026
MinimumVisualStudioVersion = 10.0.40219.1
Project("{FAE04EC0-301F-11D3-BF4B-00C04F79EFBC}") = "LISTING 1-36 Block ConcurrentStack", "LISTING 1-36 Block ConcurrentStack\LISTING 1-36 Block ConcurrentStack.csproj", "{B173D7C4-4D67-4146-BFB1-3D3913086E62}"
EndProject
Global
	GlobalSection(SolutionConfigurationPlatforms) = preSolution
		Debug|Any CPU = Debug|Any CPU
		Release|Any CPU = Release|Any CPU
	EndGlobalSection
	GlobalSection(ProjectConfigurationPlatforms) = postSolution
		{B173D7C4-4D67-4146-BFB1-3D3913086E62}.Debug|Any CPU.ActiveCfg = Debug|Any CPU
		{B173D7C4-4D67-4146-BFB1-3D3913086E62}.Debug|Any CPU.Build.0 = Debug|Any CPU
		{B173D7C4-4D67-4146-BFB1-3D3913086E62}.Release|Any CPU.ActiveCfg = Release|Any CPU
		{B173D7C4-4D67-4146-BFB1-3D3913086E62}.Release|Any CPU.Build.0 = Release|Any CPU
	EndGlobalSection
	GlobalSection(SolutionProperties) = preSolution
		HideSolutionNode = FALSE
	EndGlobalSection
	GlobalSection(ExtensibilityGlobals) = postSolution
		SolutionGuid = {4806C6FF-22F1-4973-89A3-ACD72FF50A93}
	EndGlobalSection
EndGlobal
