
Microsoft Visual Studio Solution File, Format Version 12.00
# Visual Studio 15
VisualStudioVersion = 15.0.27130.2026
MinimumVisualStudioVersion = 10.0.40219.1
Project("{FAE04EC0-301F-11D3-BF4B-00C04F79EFBC}") = "LISTING 1-37 Concurrent queue", "LISTING 1-37 Concurrent queue\LISTING 1-37 Concurrent queue.csproj", "{E397BA05-6A97-4D71-96DA-F23405D28AAD}"
EndProject
Global
	GlobalSection(SolutionConfigurationPlatforms) = preSolution
		Debug|Any CPU = Debug|Any CPU
		Release|Any CPU = Release|Any CPU
	EndGlobalSection
	GlobalSection(ProjectConfigurationPlatforms) = postSolution
		{E397BA05-6A97-4D71-96DA-F23405D28AAD}.Debug|Any CPU.ActiveCfg = Debug|Any CPU
		{E397BA05-6A97-4D71-96DA-F23405D28AAD}.Debug|Any CPU.Build.0 = Debug|Any CPU
		{E397BA05-6A97-4D71-96DA-F23405D28AAD}.Release|Any CPU.ActiveCfg = Release|Any CPU
		{E397BA05-6A97-4D71-96DA-F23405D28AAD}.Release|Any CPU.Build.0 = Release|Any CPU
	EndGlobalSection
	GlobalSection(SolutionProperties) = preSolution
		HideSolutionNode = FALSE
	EndGlobalSection
	GlobalSection(ExtensibilityGlobals) = postSolution
		SolutionGuid = {5CF7BA52-32E2-4A1D-BA4C-8403EE705A14}
	EndGlobalSection
EndGlobal
