
Microsoft Visual Studio Solution File, Format Version 12.00
# Visual Studio 15
VisualStudioVersion = 15.0.27428.2043
MinimumVisualStudioVersion = 10.0.40219.1
Project("{FAE04EC0-301F-11D3-BF4B-00C04F79EFBC}") = "LISTING 4-63 Collection initialization", "LISTING 4-63 Collection initialization\LISTING 4-63 Collection initialization.csproj", "{885FDE8D-719E-4C6A-97D1-55EECE93DF0F}"
EndProject
Global
	GlobalSection(SolutionConfigurationPlatforms) = preSolution
		Debug|Any CPU = Debug|Any CPU
		Release|Any CPU = Release|Any CPU
	EndGlobalSection
	GlobalSection(ProjectConfigurationPlatforms) = postSolution
		{885FDE8D-719E-4C6A-97D1-55EECE93DF0F}.Debug|Any CPU.ActiveCfg = Debug|Any CPU
		{885FDE8D-719E-4C6A-97D1-55EECE93DF0F}.Debug|Any CPU.Build.0 = Debug|Any CPU
		{885FDE8D-719E-4C6A-97D1-55EECE93DF0F}.Release|Any CPU.ActiveCfg = Release|Any CPU
		{885FDE8D-719E-4C6A-97D1-55EECE93DF0F}.Release|Any CPU.Build.0 = Release|Any CPU
	EndGlobalSection
	GlobalSection(SolutionProperties) = preSolution
		HideSolutionNode = FALSE
	EndGlobalSection
	GlobalSection(ExtensibilityGlobals) = postSolution
		SolutionGuid = {16DEB273-6FA3-44B5-B09A-B2F7933B7D89}
	EndGlobalSection
EndGlobal
