
Microsoft Visual Studio Solution File, Format Version 12.00
# Visual Studio 15
VisualStudioVersion = 15.0.27130.2026
MinimumVisualStudioVersion = 10.0.40219.1
Project("{FAE04EC0-301F-11D3-BF4B-00C04F79EFBC}") = "LISTING 2-18 Overloaded DateTime constructor", "LISTING 2-18 Overloaded DateTime constructor\LISTING 2-18 Overloaded DateTime constructor.csproj", "{6BB07493-1A72-4B77-A009-07138733ACF3}"
EndProject
Global
	GlobalSection(SolutionConfigurationPlatforms) = preSolution
		Debug|Any CPU = Debug|Any CPU
		Release|Any CPU = Release|Any CPU
	EndGlobalSection
	GlobalSection(ProjectConfigurationPlatforms) = postSolution
		{6BB07493-1A72-4B77-A009-07138733ACF3}.Debug|Any CPU.ActiveCfg = Debug|Any CPU
		{6BB07493-1A72-4B77-A009-07138733ACF3}.Debug|Any CPU.Build.0 = Debug|Any CPU
		{6BB07493-1A72-4B77-A009-07138733ACF3}.Release|Any CPU.ActiveCfg = Release|Any CPU
		{6BB07493-1A72-4B77-A009-07138733ACF3}.Release|Any CPU.Build.0 = Release|Any CPU
	EndGlobalSection
	GlobalSection(SolutionProperties) = preSolution
		HideSolutionNode = FALSE
	EndGlobalSection
	GlobalSection(ExtensibilityGlobals) = postSolution
		SolutionGuid = {32F5BF80-D3E3-4E55-81AD-DBCB2FDAAC05}
	EndGlobalSection
EndGlobal
