
Microsoft Visual Studio Solution File, Format Version 12.00
# Visual Studio 15
VisualStudioVersion = 15.0.27428.2043
MinimumVisualStudioVersion = 10.0.40219.1
Project("{FAE04EC0-301F-11D3-BF4B-00C04F79EFBC}") = "LISTING 3-30 Conditional attribute", "LISTING 3-30 Conditional attribute\LISTING 3-30 Conditional attribute.csproj", "{E9513DCE-8946-4AC3-B993-FE28C101ED52}"
EndProject
Global
	GlobalSection(SolutionConfigurationPlatforms) = preSolution
		Debug|Any CPU = Debug|Any CPU
		Release|Any CPU = Release|Any CPU
	EndGlobalSection
	GlobalSection(ProjectConfigurationPlatforms) = postSolution
		{E9513DCE-8946-4AC3-B993-FE28C101ED52}.Debug|Any CPU.ActiveCfg = Debug|Any CPU
		{E9513DCE-8946-4AC3-B993-FE28C101ED52}.Debug|Any CPU.Build.0 = Debug|Any CPU
		{E9513DCE-8946-4AC3-B993-FE28C101ED52}.Release|Any CPU.ActiveCfg = Release|Any CPU
		{E9513DCE-8946-4AC3-B993-FE28C101ED52}.Release|Any CPU.Build.0 = Release|Any CPU
	EndGlobalSection
	GlobalSection(SolutionProperties) = preSolution
		HideSolutionNode = FALSE
	EndGlobalSection
	GlobalSection(ExtensibilityGlobals) = postSolution
		SolutionGuid = {320CDB34-224A-48E1-8026-463ADB5560E2}
	EndGlobalSection
EndGlobal
