
Microsoft Visual Studio Solution File, Format Version 12.00
# Visual Studio 15
VisualStudioVersion = 15.0.27130.2026
MinimumVisualStudioVersion = 10.0.40219.1
Project("{FAE04EC0-301F-11D3-BF4B-00C04F79EFBC}") = "LISTING 2-68 StringWriter", "LISTING 2-68 StringWriter\LISTING 2-68 StringWriter.csproj", "{669A865E-78EB-43A1-A6B5-2D9549145CBE}"
EndProject
Global
	GlobalSection(SolutionConfigurationPlatforms) = preSolution
		Debug|Any CPU = Debug|Any CPU
		Release|Any CPU = Release|Any CPU
	EndGlobalSection
	GlobalSection(ProjectConfigurationPlatforms) = postSolution
		{669A865E-78EB-43A1-A6B5-2D9549145CBE}.Debug|Any CPU.ActiveCfg = Debug|Any CPU
		{669A865E-78EB-43A1-A6B5-2D9549145CBE}.Debug|Any CPU.Build.0 = Debug|Any CPU
		{669A865E-78EB-43A1-A6B5-2D9549145CBE}.Release|Any CPU.ActiveCfg = Release|Any CPU
		{669A865E-78EB-43A1-A6B5-2D9549145CBE}.Release|Any CPU.Build.0 = Release|Any CPU
	EndGlobalSection
	GlobalSection(SolutionProperties) = preSolution
		HideSolutionNode = FALSE
	EndGlobalSection
	GlobalSection(ExtensibilityGlobals) = postSolution
		SolutionGuid = {6BB72A4F-5B2F-45E0-885A-2403B4D3E206}
	EndGlobalSection
EndGlobal
