
Microsoft Visual Studio Solution File, Format Version 12.00
# Visual Studio 15
VisualStudioVersion = 15.0.27428.2043
MinimumVisualStudioVersion = 10.0.40219.1
Project("{FAE04EC0-301F-11D3-BF4B-00C04F79EFBC}") = "LISTING 4-47 Add XML with LINQ", "LISTING 4-47 Add XML with LINQ\LISTING 4-47 Add XML with LINQ.csproj", "{660F1E4A-9D2A-4CCF-B9B9-25E507F6CBE0}"
EndProject
Global
	GlobalSection(SolutionConfigurationPlatforms) = preSolution
		Debug|Any CPU = Debug|Any CPU
		Release|Any CPU = Release|Any CPU
	EndGlobalSection
	GlobalSection(ProjectConfigurationPlatforms) = postSolution
		{660F1E4A-9D2A-4CCF-B9B9-25E507F6CBE0}.Debug|Any CPU.ActiveCfg = Debug|Any CPU
		{660F1E4A-9D2A-4CCF-B9B9-25E507F6CBE0}.Debug|Any CPU.Build.0 = Debug|Any CPU
		{660F1E4A-9D2A-4CCF-B9B9-25E507F6CBE0}.Release|Any CPU.ActiveCfg = Release|Any CPU
		{660F1E4A-9D2A-4CCF-B9B9-25E507F6CBE0}.Release|Any CPU.Build.0 = Release|Any CPU
	EndGlobalSection
	GlobalSection(SolutionProperties) = preSolution
		HideSolutionNode = FALSE
	EndGlobalSection
	GlobalSection(ExtensibilityGlobals) = postSolution
		SolutionGuid = {CFB367B8-9EA1-40E8-8936-A1D28E543EE3}
	EndGlobalSection
EndGlobal
