
Microsoft Visual Studio Solution File, Format Version 12.00
# Visual Studio 15
VisualStudioVersion = 15.0.27130.2026
MinimumVisualStudioVersion = 10.0.40219.1
Project("{FAE04EC0-301F-11D3-BF4B-00C04F79EFBC}") = "LISTING 1-35 Using BlockingCollection", "LISTING 1-35 Using BlockingCollection\LISTING 1-35 Using BlockingCollection.csproj", "{8A7337CB-0FAB-4FEE-9DB7-1A4485305166}"
EndProject
Global
	GlobalSection(SolutionConfigurationPlatforms) = preSolution
		Debug|Any CPU = Debug|Any CPU
		Release|Any CPU = Release|Any CPU
	EndGlobalSection
	GlobalSection(ProjectConfigurationPlatforms) = postSolution
		{8A7337CB-0FAB-4FEE-9DB7-1A4485305166}.Debug|Any CPU.ActiveCfg = Debug|Any CPU
		{8A7337CB-0FAB-4FEE-9DB7-1A4485305166}.Debug|Any CPU.Build.0 = Debug|Any CPU
		{8A7337CB-0FAB-4FEE-9DB7-1A4485305166}.Release|Any CPU.ActiveCfg = Release|Any CPU
		{8A7337CB-0FAB-4FEE-9DB7-1A4485305166}.Release|Any CPU.Build.0 = Release|Any CPU
	EndGlobalSection
	GlobalSection(SolutionProperties) = preSolution
		HideSolutionNode = FALSE
	EndGlobalSection
	GlobalSection(ExtensibilityGlobals) = postSolution
		SolutionGuid = {DCBCD202-2CDF-419B-80D8-7A8E80B2DE85}
	EndGlobalSection
EndGlobal
