
Microsoft Visual Studio Solution File, Format Version 12.00
# Visual Studio 15
VisualStudioVersion = 15.0.27130.2026
MinimumVisualStudioVersion = 10.0.40219.1
Project("{FAE04EC0-301F-11D3-BF4B-00C04F79EFBC}") = "LISTING 2-60 Assembly object", "LISTING 2-60 Assembly object\LISTING 2-60 Assembly object.csproj", "{3AAAB7E9-6DB5-4AD3-AD68-6C09DBBB3ACE}"
EndProject
Global
	GlobalSection(SolutionConfigurationPlatforms) = preSolution
		Debug|Any CPU = Debug|Any CPU
		Release|Any CPU = Release|Any CPU
	EndGlobalSection
	GlobalSection(ProjectConfigurationPlatforms) = postSolution
		{3AAAB7E9-6DB5-4AD3-AD68-6C09DBBB3ACE}.Debug|Any CPU.ActiveCfg = Debug|Any CPU
		{3AAAB7E9-6DB5-4AD3-AD68-6C09DBBB3ACE}.Debug|Any CPU.Build.0 = Debug|Any CPU
		{3AAAB7E9-6DB5-4AD3-AD68-6C09DBBB3ACE}.Release|Any CPU.ActiveCfg = Release|Any CPU
		{3AAAB7E9-6DB5-4AD3-AD68-6C09DBBB3ACE}.Release|Any CPU.Build.0 = Release|Any CPU
	EndGlobalSection
	GlobalSection(SolutionProperties) = preSolution
		HideSolutionNode = FALSE
	EndGlobalSection
	GlobalSection(ExtensibilityGlobals) = postSolution
		SolutionGuid = {B0807810-CC8C-4800-BAC9-8FB1F3149616}
	EndGlobalSection
EndGlobal
