
Microsoft Visual Studio Solution File, Format Version 12.00
# Visual Studio 15
VisualStudioVersion = 15.0.27428.2043
MinimumVisualStudioVersion = 10.0.40219.1
Project("{FAE04EC0-301F-11D3-BF4B-00C04F79EFBC}") = "FileWriter", "FileWriter\FileWriter.csproj", "{49E9E8A5-E994-4550-BB38-2376F2D816AB}"
EndProject
Global
	GlobalSection(SolutionConfigurationPlatforms) = preSolution
		Debug|Any CPU = Debug|Any CPU
		Release|Any CPU = Release|Any CPU
	EndGlobalSection
	GlobalSection(ProjectConfigurationPlatforms) = postSolution
		{49E9E8A5-E994-4550-BB38-2376F2D816AB}.Debug|Any CPU.ActiveCfg = Debug|Any CPU
		{49E9E8A5-E994-4550-BB38-2376F2D816AB}.Debug|Any CPU.Build.0 = Debug|Any CPU
		{49E9E8A5-E994-4550-BB38-2376F2D816AB}.Release|Any CPU.ActiveCfg = Release|Any CPU
		{49E9E8A5-E994-4550-BB38-2376F2D816AB}.Release|Any CPU.Build.0 = Release|Any CPU
	EndGlobalSection
	GlobalSection(SolutionProperties) = preSolution
		HideSolutionNode = FALSE
	EndGlobalSection
	GlobalSection(ExtensibilityGlobals) = postSolution
		SolutionGuid = {0E288152-01F4-454F-B7C0-FCEC751770C2}
	EndGlobalSection
EndGlobal
