
Microsoft Visual Studio Solution File, Format Version 12.00
# Visual Studio 15
VisualStudioVersion = 15.0.27130.2026
MinimumVisualStudioVersion = 10.0.40219.1
Project("{FAE04EC0-301F-11D3-BF4B-00C04F79EFBC}") = "LISTING 1-45 Using monitors", "LISTING 1-45 Using monitors\LISTING 1-45 Using monitors.csproj", "{290E3E3A-9A85-4FFF-B253-8DF5888A1BE4}"
EndProject
Global
	GlobalSection(SolutionConfigurationPlatforms) = preSolution
		Debug|Any CPU = Debug|Any CPU
		Release|Any CPU = Release|Any CPU
	EndGlobalSection
	GlobalSection(ProjectConfigurationPlatforms) = postSolution
		{290E3E3A-9A85-4FFF-B253-8DF5888A1BE4}.Debug|Any CPU.ActiveCfg = Debug|Any CPU
		{290E3E3A-9A85-4FFF-B253-8DF5888A1BE4}.Debug|Any CPU.Build.0 = Debug|Any CPU
		{290E3E3A-9A85-4FFF-B253-8DF5888A1BE4}.Release|Any CPU.ActiveCfg = Release|Any CPU
		{290E3E3A-9A85-4FFF-B253-8DF5888A1BE4}.Release|Any CPU.Build.0 = Release|Any CPU
	EndGlobalSection
	GlobalSection(SolutionProperties) = preSolution
		HideSolutionNode = FALSE
	EndGlobalSection
	GlobalSection(ExtensibilityGlobals) = postSolution
		SolutionGuid = {0431E5A3-B3B2-4C13-BBDC-A34834672E67}
	EndGlobalSection
EndGlobal
