
Microsoft Visual Studio Solution File, Format Version 12.00
# Visual Studio 15
VisualStudioVersion = 15.0.27428.2043
MinimumVisualStudioVersion = 10.0.40219.1
Project("{FAE04EC0-301F-11D3-BF4B-00C04F79EFBC}") = "LISTING 4-35 LINQ join", "LISTING 4-35 LINQ join\LISTING 4-35 LINQ join.csproj", "{D8626EBE-0AC2-4CDD-9154-975C999888EC}"
EndProject
Global
	GlobalSection(SolutionConfigurationPlatforms) = preSolution
		Debug|Any CPU = Debug|Any CPU
		Release|Any CPU = Release|Any CPU
	EndGlobalSection
	GlobalSection(ProjectConfigurationPlatforms) = postSolution
		{D8626EBE-0AC2-4CDD-9154-975C999888EC}.Debug|Any CPU.ActiveCfg = Debug|Any CPU
		{D8626EBE-0AC2-4CDD-9154-975C999888EC}.Debug|Any CPU.Build.0 = Debug|Any CPU
		{D8626EBE-0AC2-4CDD-9154-975C999888EC}.Release|Any CPU.ActiveCfg = Release|Any CPU
		{D8626EBE-0AC2-4CDD-9154-975C999888EC}.Release|Any CPU.Build.0 = Release|Any CPU
	EndGlobalSection
	GlobalSection(SolutionProperties) = preSolution
		HideSolutionNode = FALSE
	EndGlobalSection
	GlobalSection(ExtensibilityGlobals) = postSolution
		SolutionGuid = {54BA6DCE-D7A5-426C-A5BB-0596155423A8}
	EndGlobalSection
EndGlobal
