
Microsoft Visual Studio Solution File, Format Version 12.00
# Visual Studio 15
VisualStudioVersion = 15.0.27130.2026
MinimumVisualStudioVersion = 10.0.40219.1
Project("{FAE04EC0-301F-11D3-BF4B-00C04F79EFBC}") = "LISTING 1-34 Awaiting parallel tasks", "LISTING 1-34 Awaiting parallel tasks\LISTING 1-34 Awaiting parallel tasks.csproj", "{7B972C19-F765-490B-B100-7EA92D7C6D14}"
EndProject
Global
	GlobalSection(SolutionConfigurationPlatforms) = preSolution
		Debug|ARM = Debug|ARM
		Debug|x64 = Debug|x64
		Debug|x86 = Debug|x86
		Release|ARM = Release|ARM
		Release|x64 = Release|x64
		Release|x86 = Release|x86
	EndGlobalSection
	GlobalSection(ProjectConfigurationPlatforms) = postSolution
		{7B972C19-F765-490B-B100-7EA92D7C6D14}.Debug|ARM.ActiveCfg = Debug|ARM
		{7B972C19-F765-490B-B100-7EA92D7C6D14}.Debug|ARM.Build.0 = Debug|ARM
		{7B972C19-F765-490B-B100-7EA92D7C6D14}.Debug|ARM.Deploy.0 = Debug|ARM
		{7B972C19-F765-490B-B100-7EA92D7C6D14}.Debug|x64.ActiveCfg = Debug|x64
		{7B972C19-F765-490B-B100-7EA92D7C6D14}.Debug|x64.Build.0 = Debug|x64
		{7B972C19-F765-490B-B100-7EA92D7C6D14}.Debug|x64.Deploy.0 = Debug|x64
		{7B972C19-F765-490B-B100-7EA92D7C6D14}.Debug|x86.ActiveCfg = Debug|x86
		{7B972C19-F765-490B-B100-7EA92D7C6D14}.Debug|x86.Build.0 = Debug|x86
		{7B972C19-F765-490B-B100-7EA92D7C6D14}.Debug|x86.Deploy.0 = Debug|x86
		{7B972C19-F765-490B-B100-7EA92D7C6D14}.Release|ARM.ActiveCfg = Release|ARM
		{7B972C19-F765-490B-B100-7EA92D7C6D14}.Release|ARM.Build.0 = Release|ARM
		{7B972C19-F765-490B-B100-7EA92D7C6D14}.Release|ARM.Deploy.0 = Release|ARM
		{7B972C19-F765-490B-B100-7EA92D7C6D14}.Release|x64.ActiveCfg = Release|x64
		{7B972C19-F765-490B-B100-7EA92D7C6D14}.Release|x64.Build.0 = Release|x64
		{7B972C19-F765-490B-B100-7EA92D7C6D14}.Release|x64.Deploy.0 = Release|x64
		{7B972C19-F765-490B-B100-7EA92D7C6D14}.Release|x86.ActiveCfg = Release|x86
		{7B972C19-F765-490B-B100-7EA92D7C6D14}.Release|x86.Build.0 = Release|x86
		{7B972C19-F765-490B-B100-7EA92D7C6D14}.Release|x86.Deploy.0 = Release|x86
	EndGlobalSection
	GlobalSection(SolutionProperties) = preSolution
		HideSolutionNode = FALSE
	EndGlobalSection
	GlobalSection(ExtensibilityGlobals) = postSolution
		SolutionGuid = {FB344A51-5C3A-4440-BC5C-103A5E6F7D30}
	EndGlobalSection
EndGlobal
