
Microsoft Visual Studio Solution File, Format Version 12.00
# Visual Studio 15
VisualStudioVersion = 15.0.27130.2026
MinimumVisualStudioVersion = 10.0.40219.1
Project("{FAE04EC0-301F-11D3-BF4B-00C04F79EFBC}") = "LISTING 1-64 Publish and subscribe", "LISTING 1-64 Publish and subscribe\LISTING 1-64 Publish and subscribe.csproj", "{CD5A6CCC-A543-4F49-9CBD-90F00395B3E5}"
EndProject
Global
	GlobalSection(SolutionConfigurationPlatforms) = preSolution
		Debug|Any CPU = Debug|Any CPU
		Release|Any CPU = Release|Any CPU
	EndGlobalSection
	GlobalSection(ProjectConfigurationPlatforms) = postSolution
		{CD5A6CCC-A543-4F49-9CBD-90F00395B3E5}.Debug|Any CPU.ActiveCfg = Debug|Any CPU
		{CD5A6CCC-A543-4F49-9CBD-90F00395B3E5}.Debug|Any CPU.Build.0 = Debug|Any CPU
		{CD5A6CCC-A543-4F49-9CBD-90F00395B3E5}.Release|Any CPU.ActiveCfg = Release|Any CPU
		{CD5A6CCC-A543-4F49-9CBD-90F00395B3E5}.Release|Any CPU.Build.0 = Release|Any CPU
	EndGlobalSection
	GlobalSection(SolutionProperties) = preSolution
		HideSolutionNode = FALSE
	EndGlobalSection
	GlobalSection(ExtensibilityGlobals) = postSolution
		SolutionGuid = {F42947BE-5BDB-47DD-9522-D7DB0BB87B7E}
	EndGlobalSection
EndGlobal
