
Microsoft Visual Studio Solution File, Format Version 12.00
# Visual Studio 15
VisualStudioVersion = 15.0.27428.2043
MinimumVisualStudioVersion = 10.0.40219.1
Project("{FAE04EC0-301F-11D3-BF4B-00C04F79EFBC}") = "LISTING 1-64 Expression evaluation", "LISTING 1-64 Expression evaluation\LISTING 1-64 Expression evaluation.csproj", "{284DFDFA-9BA9-4673-9A42-BCBA3AD037D5}"
EndProject
Global
	GlobalSection(SolutionConfigurationPlatforms) = preSolution
		Debug|Any CPU = Debug|Any CPU
		Release|Any CPU = Release|Any CPU
	EndGlobalSection
	GlobalSection(ProjectConfigurationPlatforms) = postSolution
		{284DFDFA-9BA9-4673-9A42-BCBA3AD037D5}.Debug|Any CPU.ActiveCfg = Debug|Any CPU
		{284DFDFA-9BA9-4673-9A42-BCBA3AD037D5}.Debug|Any CPU.Build.0 = Debug|Any CPU
		{284DFDFA-9BA9-4673-9A42-BCBA3AD037D5}.Release|Any CPU.ActiveCfg = Release|Any CPU
		{284DFDFA-9BA9-4673-9A42-BCBA3AD037D5}.Release|Any CPU.Build.0 = Release|Any CPU
	EndGlobalSection
	GlobalSection(SolutionProperties) = preSolution
		HideSolutionNode = FALSE
	EndGlobalSection
	GlobalSection(ExtensibilityGlobals) = postSolution
		SolutionGuid = {5AE6FE7E-B409-4E05-96A0-F90D78D2F8B4}
	EndGlobalSection
EndGlobal
