
Microsoft Visual Studio Solution File, Format Version 12.00
# Visual Studio 15
VisualStudioVersion = 15.0.27130.2026
MinimumVisualStudioVersion = 10.0.40219.1
Project("{FAE04EC0-301F-11D3-BF4B-00C04F79EFBC}") = "LISTING 1-80 Throwing an exception", "LISTING 1-80 Throwing an exception\LISTING 1-80 Throwing an exception.csproj", "{0C57091F-2B25-4E09-8FAD-2F048261F648}"
EndProject
Global
	GlobalSection(SolutionConfigurationPlatforms) = preSolution
		Debug|Any CPU = Debug|Any CPU
		Release|Any CPU = Release|Any CPU
	EndGlobalSection
	GlobalSection(ProjectConfigurationPlatforms) = postSolution
		{0C57091F-2B25-4E09-8FAD-2F048261F648}.Debug|Any CPU.ActiveCfg = Debug|Any CPU
		{0C57091F-2B25-4E09-8FAD-2F048261F648}.Debug|Any CPU.Build.0 = Debug|Any CPU
		{0C57091F-2B25-4E09-8FAD-2F048261F648}.Release|Any CPU.ActiveCfg = Release|Any CPU
		{0C57091F-2B25-4E09-8FAD-2F048261F648}.Release|Any CPU.Build.0 = Release|Any CPU
	EndGlobalSection
	GlobalSection(SolutionProperties) = preSolution
		HideSolutionNode = FALSE
	EndGlobalSection
	GlobalSection(ExtensibilityGlobals) = postSolution
		SolutionGuid = {F82AAB0A-31F2-461A-BD39-D23F327019F6}
	EndGlobalSection
EndGlobal
