
Microsoft Visual Studio Solution File, Format Version 12.00
# Visual Studio 15
VisualStudioVersion = 15.0.27130.2026
MinimumVisualStudioVersion = 10.0.40219.1
Project("{FAE04EC0-301F-11D3-BF4B-00C04F79EFBC}") = "LISTING 1-23 aborting a thread", "LISTING 1-23 aborting a thread\LISTING 1-23 aborting a thread.csproj", "{5036B9A9-4628-42AA-B338-6BCFE9AEDE29}"
EndProject
Global
	GlobalSection(SolutionConfigurationPlatforms) = preSolution
		Debug|Any CPU = Debug|Any CPU
		Release|Any CPU = Release|Any CPU
	EndGlobalSection
	GlobalSection(ProjectConfigurationPlatforms) = postSolution
		{5036B9A9-4628-42AA-B338-6BCFE9AEDE29}.Debug|Any CPU.ActiveCfg = Debug|Any CPU
		{5036B9A9-4628-42AA-B338-6BCFE9AEDE29}.Debug|Any CPU.Build.0 = Debug|Any CPU
		{5036B9A9-4628-42AA-B338-6BCFE9AEDE29}.Release|Any CPU.ActiveCfg = Release|Any CPU
		{5036B9A9-4628-42AA-B338-6BCFE9AEDE29}.Release|Any CPU.Build.0 = Release|Any CPU
	EndGlobalSection
	GlobalSection(SolutionProperties) = preSolution
		HideSolutionNode = FALSE
	EndGlobalSection
	GlobalSection(ExtensibilityGlobals) = postSolution
		SolutionGuid = {ABCA15BD-30E4-4C39-BC89-EB9ACF38CF4C}
	EndGlobalSection
EndGlobal
