
Microsoft Visual Studio Solution File, Format Version 12.00
# Visual Studio 15
VisualStudioVersion = 15.0.27130.2026
MinimumVisualStudioVersion = 10.0.40219.1
Project("{FAE04EC0-301F-11D3-BF4B-00C04F79EFBC}") = "LISTING 1-61 logical expressions", "LISTING 1-61 logical expressions\LISTING 1-61 logical expressions.csproj", "{2D11F9ED-CE77-4625-A455-0BFA66AD5ED3}"
EndProject
Global
	GlobalSection(SolutionConfigurationPlatforms) = preSolution
		Debug|Any CPU = Debug|Any CPU
		Release|Any CPU = Release|Any CPU
	EndGlobalSection
	GlobalSection(ProjectConfigurationPlatforms) = postSolution
		{2D11F9ED-CE77-4625-A455-0BFA66AD5ED3}.Debug|Any CPU.ActiveCfg = Debug|Any CPU
		{2D11F9ED-CE77-4625-A455-0BFA66AD5ED3}.Debug|Any CPU.Build.0 = Debug|Any CPU
		{2D11F9ED-CE77-4625-A455-0BFA66AD5ED3}.Release|Any CPU.ActiveCfg = Release|Any CPU
		{2D11F9ED-CE77-4625-A455-0BFA66AD5ED3}.Release|Any CPU.Build.0 = Release|Any CPU
	EndGlobalSection
	GlobalSection(SolutionProperties) = preSolution
		HideSolutionNode = FALSE
	EndGlobalSection
	GlobalSection(ExtensibilityGlobals) = postSolution
		SolutionGuid = {60E27A6B-FCF3-4608-BE7E-AC4D53A85208}
	EndGlobalSection
EndGlobal
