
Microsoft Visual Studio Solution File, Format Version 12.00
# Visual Studio 15
VisualStudioVersion = 15.0.27130.2026
MinimumVisualStudioVersion = 10.0.40219.1
Project("{FAE04EC0-301F-11D3-BF4B-00C04F79EFBC}") = "LISTING 1-42 Bad task interaction", "LISTING 1-42 Bad task interaction\LISTING 1-42 Bad task interaction.csproj", "{C5082AE1-A0C3-400D-AD92-F6BD318A8041}"
EndProject
Global
	GlobalSection(SolutionConfigurationPlatforms) = preSolution
		Debug|Any CPU = Debug|Any CPU
		Release|Any CPU = Release|Any CPU
	EndGlobalSection
	GlobalSection(ProjectConfigurationPlatforms) = postSolution
		{C5082AE1-A0C3-400D-AD92-F6BD318A8041}.Debug|Any CPU.ActiveCfg = Debug|Any CPU
		{C5082AE1-A0C3-400D-AD92-F6BD318A8041}.Debug|Any CPU.Build.0 = Debug|Any CPU
		{C5082AE1-A0C3-400D-AD92-F6BD318A8041}.Release|Any CPU.ActiveCfg = Release|Any CPU
		{C5082AE1-A0C3-400D-AD92-F6BD318A8041}.Release|Any CPU.Build.0 = Release|Any CPU
	EndGlobalSection
	GlobalSection(SolutionProperties) = preSolution
		HideSolutionNode = FALSE
	EndGlobalSection
	GlobalSection(ExtensibilityGlobals) = postSolution
		SolutionGuid = {79BDBAC8-6489-4D95-B6ED-1AA5C192A796}
	EndGlobalSection
EndGlobal
