
Microsoft Visual Studio Solution File, Format Version 12.00
# Visual Studio 15
VisualStudioVersion = 15.0.27130.2026
MinimumVisualStudioVersion = 10.0.40219.1
Project("{FAE04EC0-301F-11D3-BF4B-00C04F79EFBC}") = "LISTING 2-63 Garbage collection", "LISTING 2-63 Garbage collection\LISTING 2-63 Garbage collection.csproj", "{A2BAC489-75D3-4BA7-B477-E94935B762C7}"
EndProject
Global
	GlobalSection(SolutionConfigurationPlatforms) = preSolution
		Debug|Any CPU = Debug|Any CPU
		Release|Any CPU = Release|Any CPU
	EndGlobalSection
	GlobalSection(ProjectConfigurationPlatforms) = postSolution
		{A2BAC489-75D3-4BA7-B477-E94935B762C7}.Debug|Any CPU.ActiveCfg = Debug|Any CPU
		{A2BAC489-75D3-4BA7-B477-E94935B762C7}.Debug|Any CPU.Build.0 = Debug|Any CPU
		{A2BAC489-75D3-4BA7-B477-E94935B762C7}.Release|Any CPU.ActiveCfg = Release|Any CPU
		{A2BAC489-75D3-4BA7-B477-E94935B762C7}.Release|Any CPU.Build.0 = Release|Any CPU
	EndGlobalSection
	GlobalSection(SolutionProperties) = preSolution
		HideSolutionNode = FALSE
	EndGlobalSection
	GlobalSection(ExtensibilityGlobals) = postSolution
		SolutionGuid = {1A33664F-63C0-4767-9E2C-F50493733F73}
	EndGlobalSection
EndGlobal
