
Microsoft Visual Studio Solution File, Format Version 12.00
# Visual Studio 15
VisualStudioVersion = 15.0.27130.2026
MinimumVisualStudioVersion = 10.0.40219.1
Project("{FAE04EC0-301F-11D3-BF4B-00C04F79EFBC}") = "LISTING 2-57 CodeDOM object", "LISTING 2-57 CodeDOM object\LISTING 2-57 CodeDOM object.csproj", "{462D0117-C8A2-4240-8B21-F57220ABEC5E}"
EndProject
Global
	GlobalSection(SolutionConfigurationPlatforms) = preSolution
		Debug|Any CPU = Debug|Any CPU
		Release|Any CPU = Release|Any CPU
	EndGlobalSection
	GlobalSection(ProjectConfigurationPlatforms) = postSolution
		{462D0117-C8A2-4240-8B21-F57220ABEC5E}.Debug|Any CPU.ActiveCfg = Debug|Any CPU
		{462D0117-C8A2-4240-8B21-F57220ABEC5E}.Debug|Any CPU.Build.0 = Debug|Any CPU
		{462D0117-C8A2-4240-8B21-F57220ABEC5E}.Release|Any CPU.ActiveCfg = Release|Any CPU
		{462D0117-C8A2-4240-8B21-F57220ABEC5E}.Release|Any CPU.Build.0 = Release|Any CPU
	EndGlobalSection
	GlobalSection(SolutionProperties) = preSolution
		HideSolutionNode = FALSE
	EndGlobalSection
	GlobalSection(ExtensibilityGlobals) = postSolution
		SolutionGuid = {CDE1AF61-DE25-4BC3-B179-BB06029FF960}
	EndGlobalSection
EndGlobal
