
Microsoft Visual Studio Solution File, Format Version 12.00
# Visual Studio 15
VisualStudioVersion = 15.0.27130.2026
MinimumVisualStudioVersion = 10.0.40219.1
Project("{FAE04EC0-301F-11D3-BF4B-00C04F79EFBC}") = "LISTING 2-39 Comparing bank accounts", "LISTING 2-39 Comparing bank accounts\LISTING 2-39 Comparing bank accounts.csproj", "{4D5D9A31-E546-4B59-B23D-0E0EC0B52449}"
EndProject
Global
	GlobalSection(SolutionConfigurationPlatforms) = preSolution
		Debug|Any CPU = Debug|Any CPU
		Release|Any CPU = Release|Any CPU
	EndGlobalSection
	GlobalSection(ProjectConfigurationPlatforms) = postSolution
		{4D5D9A31-E546-4B59-B23D-0E0EC0B52449}.Debug|Any CPU.ActiveCfg = Debug|Any CPU
		{4D5D9A31-E546-4B59-B23D-0E0EC0B52449}.Debug|Any CPU.Build.0 = Debug|Any CPU
		{4D5D9A31-E546-4B59-B23D-0E0EC0B52449}.Release|Any CPU.ActiveCfg = Release|Any CPU
		{4D5D9A31-E546-4B59-B23D-0E0EC0B52449}.Release|Any CPU.Build.0 = Release|Any CPU
	EndGlobalSection
	GlobalSection(SolutionProperties) = preSolution
		HideSolutionNode = FALSE
	EndGlobalSection
	GlobalSection(ExtensibilityGlobals) = postSolution
		SolutionGuid = {EE4108BD-15C1-4E87-9F65-7E20FBB96D9B}
	EndGlobalSection
EndGlobal
