
Microsoft Visual Studio Solution File, Format Version 12.00
# Visual Studio 15
VisualStudioVersion = 15.0.27428.2043
MinimumVisualStudioVersion = 10.0.40219.1
Project("{FAE04EC0-301F-11D3-BF4B-00C04F79EFBC}") = "LISTING 4-12 C sharp programs", "LISTING 4-12 C sharp programs\LISTING 4-12 C sharp programs.csproj", "{5D84F9BC-45FE-474F-A0F5-EE301DD7BD7B}"
EndProject
Global
	GlobalSection(SolutionConfigurationPlatforms) = preSolution
		Debug|Any CPU = Debug|Any CPU
		Release|Any CPU = Release|Any CPU
	EndGlobalSection
	GlobalSection(ProjectConfigurationPlatforms) = postSolution
		{5D84F9BC-45FE-474F-A0F5-EE301DD7BD7B}.Debug|Any CPU.ActiveCfg = Debug|Any CPU
		{5D84F9BC-45FE-474F-A0F5-EE301DD7BD7B}.Debug|Any CPU.Build.0 = Debug|Any CPU
		{5D84F9BC-45FE-474F-A0F5-EE301DD7BD7B}.Release|Any CPU.ActiveCfg = Release|Any CPU
		{5D84F9BC-45FE-474F-A0F5-EE301DD7BD7B}.Release|Any CPU.Build.0 = Release|Any CPU
	EndGlobalSection
	GlobalSection(SolutionProperties) = preSolution
		HideSolutionNode = FALSE
	EndGlobalSection
	GlobalSection(ExtensibilityGlobals) = postSolution
		SolutionGuid = {652A8B8B-2377-4F72-B34B-F8DD94F4E28D}
	EndGlobalSection
EndGlobal
