
Microsoft Visual Studio Solution File, Format Version 12.00
# Visual Studio 15
VisualStudioVersion = 15.0.27130.2026
MinimumVisualStudioVersion = 10.0.40219.1
Project("{FAE04EC0-301F-11D3-BF4B-00C04F79EFBC}") = "LISTING 3-14 AES encryption", "LISTING 3-14 AES encryption\LISTING 3-14 AES encryption.csproj", "{337ABA45-BB61-4153-8499-5CB08B44F61A}"
EndProject
Global
	GlobalSection(SolutionConfigurationPlatforms) = preSolution
		Debug|Any CPU = Debug|Any CPU
		Release|Any CPU = Release|Any CPU
	EndGlobalSection
	GlobalSection(ProjectConfigurationPlatforms) = postSolution
		{337ABA45-BB61-4153-8499-5CB08B44F61A}.Debug|Any CPU.ActiveCfg = Debug|Any CPU
		{337ABA45-BB61-4153-8499-5CB08B44F61A}.Debug|Any CPU.Build.0 = Debug|Any CPU
		{337ABA45-BB61-4153-8499-5CB08B44F61A}.Release|Any CPU.ActiveCfg = Release|Any CPU
		{337ABA45-BB61-4153-8499-5CB08B44F61A}.Release|Any CPU.Build.0 = Release|Any CPU
	EndGlobalSection
	GlobalSection(SolutionProperties) = preSolution
		HideSolutionNode = FALSE
	EndGlobalSection
	GlobalSection(ExtensibilityGlobals) = postSolution
		SolutionGuid = {A32B842B-7F56-44F6-96CC-D8A67FB04976}
	EndGlobalSection
EndGlobal
