
Microsoft Visual Studio Solution File, Format Version 12.00
# Visual Studio 15
VisualStudioVersion = 15.0.27428.2043
MinimumVisualStudioVersion = 10.0.40219.1
Project("{FAE04EC0-301F-11D3-BF4B-00C04F79EFBC}") = "LISTING 4-44 Filter XML with LINQ", "LISTING 4-44 Filter XML with LINQ\LISTING 4-44 Filter XML with LINQ.csproj", "{5D75EA41-82DF-4243-9229-FFE70AB85445}"
EndProject
Global
	GlobalSection(SolutionConfigurationPlatforms) = preSolution
		Debug|Any CPU = Debug|Any CPU
		Release|Any CPU = Release|Any CPU
	EndGlobalSection
	GlobalSection(ProjectConfigurationPlatforms) = postSolution
		{5D75EA41-82DF-4243-9229-FFE70AB85445}.Debug|Any CPU.ActiveCfg = Debug|Any CPU
		{5D75EA41-82DF-4243-9229-FFE70AB85445}.Debug|Any CPU.Build.0 = Debug|Any CPU
		{5D75EA41-82DF-4243-9229-FFE70AB85445}.Release|Any CPU.ActiveCfg = Release|Any CPU
		{5D75EA41-82DF-4243-9229-FFE70AB85445}.Release|Any CPU.Build.0 = Release|Any CPU
	EndGlobalSection
	GlobalSection(SolutionProperties) = preSolution
		HideSolutionNode = FALSE
	EndGlobalSection
	GlobalSection(ExtensibilityGlobals) = postSolution
		SolutionGuid = {B1B7EBC1-716E-4C11-83D8-FFC502D4430C}
	EndGlobalSection
EndGlobal
