
Microsoft Visual Studio Solution File, Format Version 12.00
# Visual Studio 15
VisualStudioVersion = 15.0.27130.2026
MinimumVisualStudioVersion = 10.0.40219.1
Project("{FAE04EC0-301F-11D3-BF4B-00C04F79EFBC}") = "LISTING 1-66 Unsubscribing", "LISTING 1-66 Unsubscribing\LISTING 1-66 Unsubscribing.csproj", "{AAC2D024-1E2B-4592-9524-DADB06B70725}"
EndProject
Global
	GlobalSection(SolutionConfigurationPlatforms) = preSolution
		Debug|Any CPU = Debug|Any CPU
		Release|Any CPU = Release|Any CPU
	EndGlobalSection
	GlobalSection(ProjectConfigurationPlatforms) = postSolution
		{AAC2D024-1E2B-4592-9524-DADB06B70725}.Debug|Any CPU.ActiveCfg = Debug|Any CPU
		{AAC2D024-1E2B-4592-9524-DADB06B70725}.Debug|Any CPU.Build.0 = Debug|Any CPU
		{AAC2D024-1E2B-4592-9524-DADB06B70725}.Release|Any CPU.ActiveCfg = Release|Any CPU
		{AAC2D024-1E2B-4592-9524-DADB06B70725}.Release|Any CPU.Build.0 = Release|Any CPU
	EndGlobalSection
	GlobalSection(SolutionProperties) = preSolution
		HideSolutionNode = FALSE
	EndGlobalSection
	GlobalSection(ExtensibilityGlobals) = postSolution
		SolutionGuid = {8EF90F5E-267D-44E6-A3F5-C8EE150A5581}
	EndGlobalSection
EndGlobal
