
Microsoft Visual Studio Solution File, Format Version 12.00
# Visual Studio 15
VisualStudioVersion = 15.0.27428.2043
MinimumVisualStudioVersion = 10.0.40219.1
Project("{FAE04EC0-301F-11D3-BF4B-00C04F79EFBC}") = "LISTING 4-34 Anonymous type", "LISTING 4-34 Anonymous type\LISTING 4-34 Anonymous type.csproj", "{C43DE24E-D66E-4219-9D52-AE931A8121D7}"
EndProject
Global
	GlobalSection(SolutionConfigurationPlatforms) = preSolution
		Debug|Any CPU = Debug|Any CPU
		Release|Any CPU = Release|Any CPU
	EndGlobalSection
	GlobalSection(ProjectConfigurationPlatforms) = postSolution
		{C43DE24E-D66E-4219-9D52-AE931A8121D7}.Debug|Any CPU.ActiveCfg = Debug|Any CPU
		{C43DE24E-D66E-4219-9D52-AE931A8121D7}.Debug|Any CPU.Build.0 = Debug|Any CPU
		{C43DE24E-D66E-4219-9D52-AE931A8121D7}.Release|Any CPU.ActiveCfg = Release|Any CPU
		{C43DE24E-D66E-4219-9D52-AE931A8121D7}.Release|Any CPU.Build.0 = Release|Any CPU
	EndGlobalSection
	GlobalSection(SolutionProperties) = preSolution
		HideSolutionNode = FALSE
	EndGlobalSection
	GlobalSection(ExtensibilityGlobals) = postSolution
		SolutionGuid = {7A19340C-A4CF-4BAE-967E-950FAB6C52DF}
	EndGlobalSection
EndGlobal
