
Microsoft Visual Studio Solution File, Format Version 12.00
# Visual Studio 15
VisualStudioVersion = 15.0.27428.2043
MinimumVisualStudioVersion = 10.0.40219.1
Project("{FAE04EC0-301F-11D3-BF4B-00C04F79EFBC}") = "LISTING 4-5 The File class", "LISTING 4-5 The File class\LISTING 4-5 The File class.csproj", "{391222DF-421C-4D1C-896C-09D4829888AA}"
EndProject
Global
	GlobalSection(SolutionConfigurationPlatforms) = preSolution
		Debug|Any CPU = Debug|Any CPU
		Release|Any CPU = Release|Any CPU
	EndGlobalSection
	GlobalSection(ProjectConfigurationPlatforms) = postSolution
		{391222DF-421C-4D1C-896C-09D4829888AA}.Debug|Any CPU.ActiveCfg = Debug|Any CPU
		{391222DF-421C-4D1C-896C-09D4829888AA}.Debug|Any CPU.Build.0 = Debug|Any CPU
		{391222DF-421C-4D1C-896C-09D4829888AA}.Release|Any CPU.ActiveCfg = Release|Any CPU
		{391222DF-421C-4D1C-896C-09D4829888AA}.Release|Any CPU.Build.0 = Release|Any CPU
	EndGlobalSection
	GlobalSection(SolutionProperties) = preSolution
		HideSolutionNode = FALSE
	EndGlobalSection
	GlobalSection(ExtensibilityGlobals) = postSolution
		SolutionGuid = {73440B43-9886-4C7A-8A3A-506697FADC7D}
	EndGlobalSection
EndGlobal
