
Microsoft Visual Studio Solution File, Format Version 12.00
# Visual Studio 15
VisualStudioVersion = 15.0.27428.2043
MinimumVisualStudioVersion = 10.0.40219.1
Project("{FAE04EC0-301F-11D3-BF4B-00C04F79EFBC}") = "LISTING 4-19 Read with SQL", "LISTING 4-19 Read with SQL\LISTING 4-19 Read with SQL.csproj", "{913D8991-FDBE-4609-8544-C8A24AB55D8D}"
EndProject
Global
	GlobalSection(SolutionConfigurationPlatforms) = preSolution
		Debug|Any CPU = Debug|Any CPU
		Release|Any CPU = Release|Any CPU
	EndGlobalSection
	GlobalSection(ProjectConfigurationPlatforms) = postSolution
		{913D8991-FDBE-4609-8544-C8A24AB55D8D}.Debug|Any CPU.ActiveCfg = Debug|Any CPU
		{913D8991-FDBE-4609-8544-C8A24AB55D8D}.Debug|Any CPU.Build.0 = Debug|Any CPU
		{913D8991-FDBE-4609-8544-C8A24AB55D8D}.Release|Any CPU.ActiveCfg = Release|Any CPU
		{913D8991-FDBE-4609-8544-C8A24AB55D8D}.Release|Any CPU.Build.0 = Release|Any CPU
	EndGlobalSection
	GlobalSection(SolutionProperties) = preSolution
		HideSolutionNode = FALSE
	EndGlobalSection
	GlobalSection(ExtensibilityGlobals) = postSolution
		SolutionGuid = {1E1B3381-44D7-453F-8088-59D5904A7F83}
	EndGlobalSection
EndGlobal
