
Microsoft Visual Studio Solution File, Format Version 12.00
# Visual Studio 15
VisualStudioVersion = 15.0.27130.2026
MinimumVisualStudioVersion = 10.0.40219.1
Project("{FAE04EC0-301F-11D3-BF4B-00C04F79EFBC}") = "LISTING 3-21 Checksums", "LISTING 3-21 Checksums\LISTING 3-21 Checksums.csproj", "{740C04E3-B42F-4C28-B967-E94C6DE57A2E}"
EndProject
Global
	GlobalSection(SolutionConfigurationPlatforms) = preSolution
		Debug|Any CPU = Debug|Any CPU
		Release|Any CPU = Release|Any CPU
	EndGlobalSection
	GlobalSection(ProjectConfigurationPlatforms) = postSolution
		{740C04E3-B42F-4C28-B967-E94C6DE57A2E}.Debug|Any CPU.ActiveCfg = Debug|Any CPU
		{740C04E3-B42F-4C28-B967-E94C6DE57A2E}.Debug|Any CPU.Build.0 = Debug|Any CPU
		{740C04E3-B42F-4C28-B967-E94C6DE57A2E}.Release|Any CPU.ActiveCfg = Release|Any CPU
		{740C04E3-B42F-4C28-B967-E94C6DE57A2E}.Release|Any CPU.Build.0 = Release|Any CPU
	EndGlobalSection
	GlobalSection(SolutionProperties) = preSolution
		HideSolutionNode = FALSE
	EndGlobalSection
	GlobalSection(ExtensibilityGlobals) = postSolution
		SolutionGuid = {7D149A84-8848-428D-B643-5076D8351CED}
	EndGlobalSection
EndGlobal
