
Microsoft Visual Studio Solution File, Format Version 12.00
# Visual Studio 15
VisualStudioVersion = 15.0.27130.2026
MinimumVisualStudioVersion = 10.0.40219.1
Project("{FAE04EC0-301F-11D3-BF4B-00C04F79EFBC}") = "LISTING 1-83 Inner exceptions", "LISTING 1-83 Inner exceptions\LISTING 1-83 Inner exceptions.csproj", "{8C16EDEB-2CE5-4124-9B50-8CC3C92B2C98}"
EndProject
Global
	GlobalSection(SolutionConfigurationPlatforms) = preSolution
		Debug|Any CPU = Debug|Any CPU
		Release|Any CPU = Release|Any CPU
	EndGlobalSection
	GlobalSection(ProjectConfigurationPlatforms) = postSolution
		{8C16EDEB-2CE5-4124-9B50-8CC3C92B2C98}.Debug|Any CPU.ActiveCfg = Debug|Any CPU
		{8C16EDEB-2CE5-4124-9B50-8CC3C92B2C98}.Debug|Any CPU.Build.0 = Debug|Any CPU
		{8C16EDEB-2CE5-4124-9B50-8CC3C92B2C98}.Release|Any CPU.ActiveCfg = Release|Any CPU
		{8C16EDEB-2CE5-4124-9B50-8CC3C92B2C98}.Release|Any CPU.Build.0 = Release|Any CPU
	EndGlobalSection
	GlobalSection(SolutionProperties) = preSolution
		HideSolutionNode = FALSE
	EndGlobalSection
	GlobalSection(ExtensibilityGlobals) = postSolution
		SolutionGuid = {3A2F15D6-BE69-4E41-95A4-EF690A8E0D59}
	EndGlobalSection
EndGlobal
