
Microsoft Visual Studio Solution File, Format Version 12.00
# Visual Studio 15
VisualStudioVersion = 15.0.27428.2043
MinimumVisualStudioVersion = 10.0.40219.1
Project("{FAE04EC0-301F-11D3-BF4B-00C04F79EFBC}") = "LISTING 4-41 Complex anonymous types", "LISTING 4-41 Complex anonymous types\LISTING 4-41 Complex anonymous types.csproj", "{E76611B9-1AD7-460B-9905-1DA29332A9C4}"
EndProject
Global
	GlobalSection(SolutionConfigurationPlatforms) = preSolution
		Debug|Any CPU = Debug|Any CPU
		Release|Any CPU = Release|Any CPU
	EndGlobalSection
	GlobalSection(ProjectConfigurationPlatforms) = postSolution
		{E76611B9-1AD7-460B-9905-1DA29332A9C4}.Debug|Any CPU.ActiveCfg = Debug|Any CPU
		{E76611B9-1AD7-460B-9905-1DA29332A9C4}.Debug|Any CPU.Build.0 = Debug|Any CPU
		{E76611B9-1AD7-460B-9905-1DA29332A9C4}.Release|Any CPU.ActiveCfg = Release|Any CPU
		{E76611B9-1AD7-460B-9905-1DA29332A9C4}.Release|Any CPU.Build.0 = Release|Any CPU
	EndGlobalSection
	GlobalSection(SolutionProperties) = preSolution
		HideSolutionNode = FALSE
	EndGlobalSection
	GlobalSection(ExtensibilityGlobals) = postSolution
		SolutionGuid = {9D76C50E-75F3-487F-9ED5-88E7EBC42548}
	EndGlobalSection
EndGlobal
