
Microsoft Visual Studio Solution File, Format Version 12.00
# Visual Studio 15
VisualStudioVersion = 15.0.27130.2026
MinimumVisualStudioVersion = 10.0.40219.1
Project("{FAE04EC0-301F-11D3-BF4B-00C04F79EFBC}") = "LISTING 2-23 Type conversion", "LISTING 2-23 Type conversion\LISTING 2-23 Type conversion.csproj", "{16FF9C3B-C9CC-438A-B566-092096EA1460}"
EndProject
Global
	GlobalSection(SolutionConfigurationPlatforms) = preSolution
		Debug|Any CPU = Debug|Any CPU
		Release|Any CPU = Release|Any CPU
	EndGlobalSection
	GlobalSection(ProjectConfigurationPlatforms) = postSolution
		{16FF9C3B-C9CC-438A-B566-092096EA1460}.Debug|Any CPU.ActiveCfg = Debug|Any CPU
		{16FF9C3B-C9CC-438A-B566-092096EA1460}.Debug|Any CPU.Build.0 = Debug|Any CPU
		{16FF9C3B-C9CC-438A-B566-092096EA1460}.Release|Any CPU.ActiveCfg = Release|Any CPU
		{16FF9C3B-C9CC-438A-B566-092096EA1460}.Release|Any CPU.Build.0 = Release|Any CPU
	EndGlobalSection
	GlobalSection(SolutionProperties) = preSolution
		HideSolutionNode = FALSE
	EndGlobalSection
	GlobalSection(ExtensibilityGlobals) = postSolution
		SolutionGuid = {BEFB1E12-685D-48B9-9362-D1BB8C5A4E56}
	EndGlobalSection
EndGlobal
