
Microsoft Visual Studio Solution File, Format Version 12.00
# Visual Studio 15
VisualStudioVersion = 15.0.27130.2026
MinimumVisualStudioVersion = 10.0.40219.1
Project("{FAE04EC0-301F-11D3-BF4B-00C04F79EFBC}") = "LISTING 1-21 ParameterizedThreadStart", "LISTING 1-21 ParameterizedThreadStart\LISTING 1-21 ParameterizedThreadStart.csproj", "{18BBF93C-85B0-4A67-A198-7E69F6E175B9}"
EndProject
Global
	GlobalSection(SolutionConfigurationPlatforms) = preSolution
		Debug|Any CPU = Debug|Any CPU
		Release|Any CPU = Release|Any CPU
	EndGlobalSection
	GlobalSection(ProjectConfigurationPlatforms) = postSolution
		{18BBF93C-85B0-4A67-A198-7E69F6E175B9}.Debug|Any CPU.ActiveCfg = Debug|Any CPU
		{18BBF93C-85B0-4A67-A198-7E69F6E175B9}.Debug|Any CPU.Build.0 = Debug|Any CPU
		{18BBF93C-85B0-4A67-A198-7E69F6E175B9}.Release|Any CPU.ActiveCfg = Release|Any CPU
		{18BBF93C-85B0-4A67-A198-7E69F6E175B9}.Release|Any CPU.Build.0 = Release|Any CPU
	EndGlobalSection
	GlobalSection(SolutionProperties) = preSolution
		HideSolutionNode = FALSE
	EndGlobalSection
	GlobalSection(ExtensibilityGlobals) = postSolution
		SolutionGuid = {C7683F90-0106-4B73-BF27-1D7B331D659B}
	EndGlobalSection
EndGlobal
