
Microsoft Visual Studio Solution File, Format Version 12.00
# Visual Studio 15
VisualStudioVersion = 15.0.27130.2026
MinimumVisualStudioVersion = 10.0.40219.1
Project("{FAE04EC0-301F-11D3-BF4B-00C04F79EFBC}") = "LISTING 1-22 thread lambda parameters", "LISTING 1-22 thread lambda parameters\LISTING 1-22 thread lambda parameters.csproj", "{566BE448-A55E-463F-A387-682540A07CF7}"
EndProject
Global
	GlobalSection(SolutionConfigurationPlatforms) = preSolution
		Debug|Any CPU = Debug|Any CPU
		Release|Any CPU = Release|Any CPU
	EndGlobalSection
	GlobalSection(ProjectConfigurationPlatforms) = postSolution
		{566BE448-A55E-463F-A387-682540A07CF7}.Debug|Any CPU.ActiveCfg = Debug|Any CPU
		{566BE448-A55E-463F-A387-682540A07CF7}.Debug|Any CPU.Build.0 = Debug|Any CPU
		{566BE448-A55E-463F-A387-682540A07CF7}.Release|Any CPU.ActiveCfg = Release|Any CPU
		{566BE448-A55E-463F-A387-682540A07CF7}.Release|Any CPU.Build.0 = Release|Any CPU
	EndGlobalSection
	GlobalSection(SolutionProperties) = preSolution
		HideSolutionNode = FALSE
	EndGlobalSection
	GlobalSection(ExtensibilityGlobals) = postSolution
		SolutionGuid = {0A33851B-6269-4C7D-A7A2-D1F2ADF4EAD0}
	EndGlobalSection
EndGlobal
