
Microsoft Visual Studio Solution File, Format Version 12.00
# Visual Studio 15
VisualStudioVersion = 15.0.27130.2026
MinimumVisualStudioVersion = 10.0.40219.1
Project("{FAE04EC0-301F-11D3-BF4B-00C04F79EFBC}") = "LISTING 1-3 ParallelFor in use", "LISTING 1-3 ParallelFor in use\LISTING 1-3 ParallelFor in use.csproj", "{C9AF1B0F-1D67-498F-9E1C-B959CCEA430B}"
EndProject
Global
	GlobalSection(SolutionConfigurationPlatforms) = preSolution
		Debug|Any CPU = Debug|Any CPU
		Release|Any CPU = Release|Any CPU
	EndGlobalSection
	GlobalSection(ProjectConfigurationPlatforms) = postSolution
		{C9AF1B0F-1D67-498F-9E1C-B959CCEA430B}.Debug|Any CPU.ActiveCfg = Debug|Any CPU
		{C9AF1B0F-1D67-498F-9E1C-B959CCEA430B}.Debug|Any CPU.Build.0 = Debug|Any CPU
		{C9AF1B0F-1D67-498F-9E1C-B959CCEA430B}.Release|Any CPU.ActiveCfg = Release|Any CPU
		{C9AF1B0F-1D67-498F-9E1C-B959CCEA430B}.Release|Any CPU.Build.0 = Release|Any CPU
	EndGlobalSection
	GlobalSection(SolutionProperties) = preSolution
		HideSolutionNode = FALSE
	EndGlobalSection
	GlobalSection(ExtensibilityGlobals) = postSolution
		SolutionGuid = {5D30EA0F-168D-451C-B2AF-7100CEACC105}
	EndGlobalSection
EndGlobal
