
Microsoft Visual Studio Solution File, Format Version 12.00
# Visual Studio 15
VisualStudioVersion = 15.0.27130.2026
MinimumVisualStudioVersion = 10.0.40219.1
Project("{FAE04EC0-301F-11D3-BF4B-00C04F79EFBC}") = "LISTING 2-33 iPrintable interface", "LISTING 2-33 iPrintable interface\LISTING 2-33 iPrintable interface.csproj", "{9030CC20-064C-474C-BFF6-848671DC880E}"
EndProject
Global
	GlobalSection(SolutionConfigurationPlatforms) = preSolution
		Debug|Any CPU = Debug|Any CPU
		Release|Any CPU = Release|Any CPU
	EndGlobalSection
	GlobalSection(ProjectConfigurationPlatforms) = postSolution
		{9030CC20-064C-474C-BFF6-848671DC880E}.Debug|Any CPU.ActiveCfg = Debug|Any CPU
		{9030CC20-064C-474C-BFF6-848671DC880E}.Debug|Any CPU.Build.0 = Debug|Any CPU
		{9030CC20-064C-474C-BFF6-848671DC880E}.Release|Any CPU.ActiveCfg = Release|Any CPU
		{9030CC20-064C-474C-BFF6-848671DC880E}.Release|Any CPU.Build.0 = Release|Any CPU
	EndGlobalSection
	GlobalSection(SolutionProperties) = preSolution
		HideSolutionNode = FALSE
	EndGlobalSection
	GlobalSection(ExtensibilityGlobals) = postSolution
		SolutionGuid = {8B076A9E-40A3-4553-BF4E-034A0C99F5FE}
	EndGlobalSection
EndGlobal
