
Microsoft Visual Studio Solution File, Format Version 12.00
# Visual Studio 15
VisualStudioVersion = 15.0.27130.2026
MinimumVisualStudioVersion = 10.0.40219.1
Project("{FAE04EC0-301F-11D3-BF4B-00C04F79EFBC}") = "LISTING 3-26 Strong names", "LISTING 3-26 Strong names\LISTING 3-26 Strong names.csproj", "{138E6730-7BEB-48CA-897D-C1EBA7D0E5EA}"
EndProject
Project("{FAE04EC0-301F-11D3-BF4B-00C04F79EFBC}") = "MusicStorage", "MusicStorage\MusicStorage.csproj", "{B1400E97-CD74-4E1F-8B97-7D4B28E29196}"
EndProject
Global
	GlobalSection(SolutionConfigurationPlatforms) = preSolution
		Debug|Any CPU = Debug|Any CPU
		Release|Any CPU = Release|Any CPU
	EndGlobalSection
	GlobalSection(ProjectConfigurationPlatforms) = postSolution
		{138E6730-7BEB-48CA-897D-C1EBA7D0E5EA}.Debug|Any CPU.ActiveCfg = Debug|Any CPU
		{138E6730-7BEB-48CA-897D-C1EBA7D0E5EA}.Debug|Any CPU.Build.0 = Debug|Any CPU
		{138E6730-7BEB-48CA-897D-C1EBA7D0E5EA}.Release|Any CPU.ActiveCfg = Release|Any CPU
		{138E6730-7BEB-48CA-897D-C1EBA7D0E5EA}.Release|Any CPU.Build.0 = Release|Any CPU
		{B1400E97-CD74-4E1F-8B97-7D4B28E29196}.Debug|Any CPU.ActiveCfg = Debug|Any CPU
		{B1400E97-CD74-4E1F-8B97-7D4B28E29196}.Debug|Any CPU.Build.0 = Debug|Any CPU
		{B1400E97-CD74-4E1F-8B97-7D4B28E29196}.Release|Any CPU.ActiveCfg = Release|Any CPU
		{B1400E97-CD74-4E1F-8B97-7D4B28E29196}.Release|Any CPU.Build.0 = Release|Any CPU
	EndGlobalSection
	GlobalSection(SolutionProperties) = preSolution
		HideSolutionNode = FALSE
	EndGlobalSection
	GlobalSection(ExtensibilityGlobals) = postSolution
		SolutionGuid = {296D8C76-3E92-4571-ACA4-7F958A401532}
	EndGlobalSection
EndGlobal
