
Microsoft Visual Studio Solution File, Format Version 12.00
# Visual Studio 15
VisualStudioVersion = 15.0.27130.2026
MinimumVisualStudioVersion = 10.0.40219.1
Project("{FAE04EC0-301F-11D3-BF4B-00C04F79EFBC}") = "LISTING 1-7 Using AsOrdered", "LISTING 1-7 Using AsOrdered\LISTING 1-7 Using AsOrdered.csproj", "{63190D89-8297-4B61-B941-91FEEEFAFAE5}"
EndProject
Global
	GlobalSection(SolutionConfigurationPlatforms) = preSolution
		Debug|Any CPU = Debug|Any CPU
		Release|Any CPU = Release|Any CPU
	EndGlobalSection
	GlobalSection(ProjectConfigurationPlatforms) = postSolution
		{63190D89-8297-4B61-B941-91FEEEFAFAE5}.Debug|Any CPU.ActiveCfg = Debug|Any CPU
		{63190D89-8297-4B61-B941-91FEEEFAFAE5}.Debug|Any CPU.Build.0 = Debug|Any CPU
		{63190D89-8297-4B61-B941-91FEEEFAFAE5}.Release|Any CPU.ActiveCfg = Release|Any CPU
		{63190D89-8297-4B61-B941-91FEEEFAFAE5}.Release|Any CPU.Build.0 = Release|Any CPU
	EndGlobalSection
	GlobalSection(SolutionProperties) = preSolution
		HideSolutionNode = FALSE
	EndGlobalSection
	GlobalSection(ExtensibilityGlobals) = postSolution
		SolutionGuid = {87225C5C-7B43-432B-A0CA-982267B04083}
	EndGlobalSection
EndGlobal
