
Microsoft Visual Studio Solution File, Format Version 12.00
# Visual Studio 15
VisualStudioVersion = 15.0.27428.2043
MinimumVisualStudioVersion = 10.0.40219.1
Project("{FAE04EC0-301F-11D3-BF4B-00C04F79EFBC}") = "LISTING 4-21 Update with SQL", "LISTING 4-21 Update with SQL\LISTING 4-21 Update with SQL.csproj", "{3C406DAD-2E53-4338-8634-85E7E145A792}"
EndProject
Global
	GlobalSection(SolutionConfigurationPlatforms) = preSolution
		Debug|Any CPU = Debug|Any CPU
		Release|Any CPU = Release|Any CPU
	EndGlobalSection
	GlobalSection(ProjectConfigurationPlatforms) = postSolution
		{3C406DAD-2E53-4338-8634-85E7E145A792}.Debug|Any CPU.ActiveCfg = Debug|Any CPU
		{3C406DAD-2E53-4338-8634-85E7E145A792}.Debug|Any CPU.Build.0 = Debug|Any CPU
		{3C406DAD-2E53-4338-8634-85E7E145A792}.Release|Any CPU.ActiveCfg = Release|Any CPU
		{3C406DAD-2E53-4338-8634-85E7E145A792}.Release|Any CPU.Build.0 = Release|Any CPU
	EndGlobalSection
	GlobalSection(SolutionProperties) = preSolution
		HideSolutionNode = FALSE
	EndGlobalSection
	GlobalSection(ExtensibilityGlobals) = postSolution
		SolutionGuid = {DAB83B61-4E5E-41CE-AF18-FD1526DCD883}
	EndGlobalSection
EndGlobal
