
Microsoft Visual Studio Solution File, Format Version 12.00
# Visual Studio 15
VisualStudioVersion = 15.0.27130.2026
MinimumVisualStudioVersion = 10.0.40219.1
Project("{FAE04EC0-301F-11D3-BF4B-00C04F79EFBC}") = "LISTING 2-43 Creating an enumerable type", "LISTING 2-43 Creating an enumerable type\LISTING 2-43 Creating an enumerable type.csproj", "{A38B15E0-A8E6-44DE-9C18-5BAB1E1ABBC2}"
EndProject
Global
	GlobalSection(SolutionConfigurationPlatforms) = preSolution
		Debug|Any CPU = Debug|Any CPU
		Release|Any CPU = Release|Any CPU
	EndGlobalSection
	GlobalSection(ProjectConfigurationPlatforms) = postSolution
		{A38B15E0-A8E6-44DE-9C18-5BAB1E1ABBC2}.Debug|Any CPU.ActiveCfg = Debug|Any CPU
		{A38B15E0-A8E6-44DE-9C18-5BAB1E1ABBC2}.Debug|Any CPU.Build.0 = Debug|Any CPU
		{A38B15E0-A8E6-44DE-9C18-5BAB1E1ABBC2}.Release|Any CPU.ActiveCfg = Release|Any CPU
		{A38B15E0-A8E6-44DE-9C18-5BAB1E1ABBC2}.Release|Any CPU.Build.0 = Release|Any CPU
	EndGlobalSection
	GlobalSection(SolutionProperties) = preSolution
		HideSolutionNode = FALSE
	EndGlobalSection
	GlobalSection(ExtensibilityGlobals) = postSolution
		SolutionGuid = {55014827-C587-494C-B287-A497434C0FE4}
	EndGlobalSection
EndGlobal
