
Microsoft Visual Studio Solution File, Format Version 12.00
# Visual Studio 15
VisualStudioVersion = 15.0.27130.2026
MinimumVisualStudioVersion = 10.0.40219.1
Project("{FAE04EC0-301F-11D3-BF4B-00C04F79EFBC}") = "LISTING 2-5 Creating a reference", "LISTING 2-5 Creating a reference\LISTING 2-5 Creating a reference.csproj", "{649AF966-4A4A-4675-8A57-3652F56E1DE0}"
EndProject
Global
	GlobalSection(SolutionConfigurationPlatforms) = preSolution
		Debug|Any CPU = Debug|Any CPU
		Release|Any CPU = Release|Any CPU
	EndGlobalSection
	GlobalSection(ProjectConfigurationPlatforms) = postSolution
		{649AF966-4A4A-4675-8A57-3652F56E1DE0}.Debug|Any CPU.ActiveCfg = Debug|Any CPU
		{649AF966-4A4A-4675-8A57-3652F56E1DE0}.Debug|Any CPU.Build.0 = Debug|Any CPU
		{649AF966-4A4A-4675-8A57-3652F56E1DE0}.Release|Any CPU.ActiveCfg = Release|Any CPU
		{649AF966-4A4A-4675-8A57-3652F56E1DE0}.Release|Any CPU.Build.0 = Release|Any CPU
	EndGlobalSection
	GlobalSection(SolutionProperties) = preSolution
		HideSolutionNode = FALSE
	EndGlobalSection
	GlobalSection(ExtensibilityGlobals) = postSolution
		SolutionGuid = {E6503EC8-B624-410A-B63A-4F3E3F5AF70C}
	EndGlobalSection
EndGlobal
