
Microsoft Visual Studio Solution File, Format Version 12.00
# Visual Studio 15
VisualStudioVersion = 15.0.27130.2026
MinimumVisualStudioVersion = 10.0.40219.1
Project("{FAE04EC0-301F-11D3-BF4B-00C04F79EFBC}") = "LISTING 2-44 Using yield", "LISTING 2-44 Using yield\LISTING 2-44 Using yield.csproj", "{8F9865B1-E15F-4804-BE97-94E02B8FF44C}"
EndProject
Global
	GlobalSection(SolutionConfigurationPlatforms) = preSolution
		Debug|Any CPU = Debug|Any CPU
		Release|Any CPU = Release|Any CPU
	EndGlobalSection
	GlobalSection(ProjectConfigurationPlatforms) = postSolution
		{8F9865B1-E15F-4804-BE97-94E02B8FF44C}.Debug|Any CPU.ActiveCfg = Debug|Any CPU
		{8F9865B1-E15F-4804-BE97-94E02B8FF44C}.Debug|Any CPU.Build.0 = Debug|Any CPU
		{8F9865B1-E15F-4804-BE97-94E02B8FF44C}.Release|Any CPU.ActiveCfg = Release|Any CPU
		{8F9865B1-E15F-4804-BE97-94E02B8FF44C}.Release|Any CPU.Build.0 = Release|Any CPU
	EndGlobalSection
	GlobalSection(SolutionProperties) = preSolution
		HideSolutionNode = FALSE
	EndGlobalSection
	GlobalSection(ExtensibilityGlobals) = postSolution
		SolutionGuid = {5A4A6A23-B156-473E-970E-F5EDBA0D7BD6}
	EndGlobalSection
EndGlobal
