
Microsoft Visual Studio Solution File, Format Version 12.00
# Visual Studio 15
VisualStudioVersion = 15.0.27428.2043
MinimumVisualStudioVersion = 10.0.40219.1
Project("{FAE04EC0-301F-11D3-BF4B-00C04F79EFBC}") = "LISTING 4-20 Filter with SQL", "LISTING 4-20 Filter with SQL\LISTING 4-20 Filter with SQL.csproj", "{26CB2D6F-2E17-4640-9B63-7564C3D322D1}"
EndProject
Global
	GlobalSection(SolutionConfigurationPlatforms) = preSolution
		Debug|Any CPU = Debug|Any CPU
		Release|Any CPU = Release|Any CPU
	EndGlobalSection
	GlobalSection(ProjectConfigurationPlatforms) = postSolution
		{26CB2D6F-2E17-4640-9B63-7564C3D322D1}.Debug|Any CPU.ActiveCfg = Debug|Any CPU
		{26CB2D6F-2E17-4640-9B63-7564C3D322D1}.Debug|Any CPU.Build.0 = Debug|Any CPU
		{26CB2D6F-2E17-4640-9B63-7564C3D322D1}.Release|Any CPU.ActiveCfg = Release|Any CPU
		{26CB2D6F-2E17-4640-9B63-7564C3D322D1}.Release|Any CPU.Build.0 = Release|Any CPU
	EndGlobalSection
	GlobalSection(SolutionProperties) = preSolution
		HideSolutionNode = FALSE
	EndGlobalSection
	GlobalSection(ExtensibilityGlobals) = postSolution
		SolutionGuid = {02BE0070-77F2-422A-A258-E3D187BC6A9D}
	EndGlobalSection
EndGlobal
