
Microsoft Visual Studio Solution File, Format Version 12.00
# Visual Studio 15
VisualStudioVersion = 15.0.27428.2043
MinimumVisualStudioVersion = 10.0.40219.1
Project("{FAE04EC0-301F-11D3-BF4B-00C04F79EFBC}") = "LISTING 4-53 XML References", "LISTING 4-53 XML References\LISTING 4-53 XML References.csproj", "{DA108994-F50B-4CDC-A193-04EBEF6B4DCE}"
EndProject
Global
	GlobalSection(SolutionConfigurationPlatforms) = preSolution
		Debug|Any CPU = Debug|Any CPU
		Release|Any CPU = Release|Any CPU
	EndGlobalSection
	GlobalSection(ProjectConfigurationPlatforms) = postSolution
		{DA108994-F50B-4CDC-A193-04EBEF6B4DCE}.Debug|Any CPU.ActiveCfg = Debug|Any CPU
		{DA108994-F50B-4CDC-A193-04EBEF6B4DCE}.Debug|Any CPU.Build.0 = Debug|Any CPU
		{DA108994-F50B-4CDC-A193-04EBEF6B4DCE}.Release|Any CPU.ActiveCfg = Release|Any CPU
		{DA108994-F50B-4CDC-A193-04EBEF6B4DCE}.Release|Any CPU.Build.0 = Release|Any CPU
	EndGlobalSection
	GlobalSection(SolutionProperties) = preSolution
		HideSolutionNode = FALSE
	EndGlobalSection
	GlobalSection(ExtensibilityGlobals) = postSolution
		SolutionGuid = {E9B36075-4494-4B42-AC98-D95517742C92}
	EndGlobalSection
EndGlobal
