
Microsoft Visual Studio Solution File, Format Version 12.00
# Visual Studio 15
VisualStudioVersion = 15.0.27130.2026
MinimumVisualStudioVersion = 10.0.40219.1
Project("{FAE04EC0-301F-11D3-BF4B-00C04F79EFBC}") = "LISTING 1-9 Using the ForAll method", "LISTING 1-9 Using the ForAll method\LISTING 1-9 Using the ForAll method.csproj", "{9C1A5EDE-E053-40F3-84A8-5DE0F2A92949}"
EndProject
Global
	GlobalSection(SolutionConfigurationPlatforms) = preSolution
		Debug|Any CPU = Debug|Any CPU
		Release|Any CPU = Release|Any CPU
	EndGlobalSection
	GlobalSection(ProjectConfigurationPlatforms) = postSolution
		{9C1A5EDE-E053-40F3-84A8-5DE0F2A92949}.Debug|Any CPU.ActiveCfg = Debug|Any CPU
		{9C1A5EDE-E053-40F3-84A8-5DE0F2A92949}.Debug|Any CPU.Build.0 = Debug|Any CPU
		{9C1A5EDE-E053-40F3-84A8-5DE0F2A92949}.Release|Any CPU.ActiveCfg = Release|Any CPU
		{9C1A5EDE-E053-40F3-84A8-5DE0F2A92949}.Release|Any CPU.Build.0 = Release|Any CPU
	EndGlobalSection
	GlobalSection(SolutionProperties) = preSolution
		HideSolutionNode = FALSE
	EndGlobalSection
	GlobalSection(ExtensibilityGlobals) = postSolution
		SolutionGuid = {79D80528-E528-4B16-9C9C-EC9132FF88DB}
	EndGlobalSection
EndGlobal
