
Microsoft Visual Studio Solution File, Format Version 12.00
# Visual Studio 15
VisualStudioVersion = 15.0.27130.2026
MinimumVisualStudioVersion = 10.0.40219.1
Project("{FAE04EC0-301F-11D3-BF4B-00C04F79EFBC}") = "LISTING 1-43 Using locking", "LISTING 1-43 Using locking\LISTING 1-43 Using locking.csproj", "{DE6A1B79-FD24-442A-B15D-715F76D02C11}"
EndProject
Global
	GlobalSection(SolutionConfigurationPlatforms) = preSolution
		Debug|Any CPU = Debug|Any CPU
		Release|Any CPU = Release|Any CPU
	EndGlobalSection
	GlobalSection(ProjectConfigurationPlatforms) = postSolution
		{DE6A1B79-FD24-442A-B15D-715F76D02C11}.Debug|Any CPU.ActiveCfg = Debug|Any CPU
		{DE6A1B79-FD24-442A-B15D-715F76D02C11}.Debug|Any CPU.Build.0 = Debug|Any CPU
		{DE6A1B79-FD24-442A-B15D-715F76D02C11}.Release|Any CPU.ActiveCfg = Release|Any CPU
		{DE6A1B79-FD24-442A-B15D-715F76D02C11}.Release|Any CPU.Build.0 = Release|Any CPU
	EndGlobalSection
	GlobalSection(SolutionProperties) = preSolution
		HideSolutionNode = FALSE
	EndGlobalSection
	GlobalSection(ExtensibilityGlobals) = postSolution
		SolutionGuid = {0FAD066D-D178-4556-B3BF-16230432D1AD}
	EndGlobalSection
EndGlobal
