
Microsoft Visual Studio Solution File, Format Version 12.00
# Visual Studio 15
VisualStudioVersion = 15.0.27130.2026
MinimumVisualStudioVersion = 10.0.40219.1
Project("{FAE04EC0-301F-11D3-BF4B-00C04F79EFBC}") = "LISTING 2-32 Printing interface", "LISTING 2-32 Printing interface\LISTING 2-32 Printing interface.csproj", "{84F6BAE5-5ED8-4D5F-83DD-DCEA9B3C1DA3}"
EndProject
Global
	GlobalSection(SolutionConfigurationPlatforms) = preSolution
		Debug|Any CPU = Debug|Any CPU
		Release|Any CPU = Release|Any CPU
	EndGlobalSection
	GlobalSection(ProjectConfigurationPlatforms) = postSolution
		{84F6BAE5-5ED8-4D5F-83DD-DCEA9B3C1DA3}.Debug|Any CPU.ActiveCfg = Debug|Any CPU
		{84F6BAE5-5ED8-4D5F-83DD-DCEA9B3C1DA3}.Debug|Any CPU.Build.0 = Debug|Any CPU
		{84F6BAE5-5ED8-4D5F-83DD-DCEA9B3C1DA3}.Release|Any CPU.ActiveCfg = Release|Any CPU
		{84F6BAE5-5ED8-4D5F-83DD-DCEA9B3C1DA3}.Release|Any CPU.Build.0 = Release|Any CPU
	EndGlobalSection
	GlobalSection(SolutionProperties) = preSolution
		HideSolutionNode = FALSE
	EndGlobalSection
	GlobalSection(ExtensibilityGlobals) = postSolution
		SolutionGuid = {AEF03B83-FDCD-4F28-8F3F-B1402689EF90}
	EndGlobalSection
EndGlobal
