
Microsoft Visual Studio Solution File, Format Version 12.00
# Visual Studio 15
VisualStudioVersion = 15.0.27130.2026
MinimumVisualStudioVersion = 10.0.40219.1
Project("{FAE04EC0-301F-11D3-BF4B-00C04F79EFBC}") = "LISTING 2-2 Immutable DateTime", "LISTING 2-2 Immutable DateTime\LISTING 2-2 Immutable DateTime.csproj", "{7DBDECE4-DE16-4C73-979E-74F80F124605}"
EndProject
Global
	GlobalSection(SolutionConfigurationPlatforms) = preSolution
		Debug|Any CPU = Debug|Any CPU
		Release|Any CPU = Release|Any CPU
	EndGlobalSection
	GlobalSection(ProjectConfigurationPlatforms) = postSolution
		{7DBDECE4-DE16-4C73-979E-74F80F124605}.Debug|Any CPU.ActiveCfg = Debug|Any CPU
		{7DBDECE4-DE16-4C73-979E-74F80F124605}.Debug|Any CPU.Build.0 = Debug|Any CPU
		{7DBDECE4-DE16-4C73-979E-74F80F124605}.Release|Any CPU.ActiveCfg = Release|Any CPU
		{7DBDECE4-DE16-4C73-979E-74F80F124605}.Release|Any CPU.Build.0 = Release|Any CPU
	EndGlobalSection
	GlobalSection(SolutionProperties) = preSolution
		HideSolutionNode = FALSE
	EndGlobalSection
	GlobalSection(ExtensibilityGlobals) = postSolution
		SolutionGuid = {DD6E6235-8929-49F2-A5B9-29C1D9C73A55}
	EndGlobalSection
EndGlobal
