
Microsoft Visual Studio Solution File, Format Version 12.00
# Visual Studio 15
VisualStudioVersion = 15.0.27130.2026
MinimumVisualStudioVersion = 10.0.40219.1
Project("{FAE04EC0-301F-11D3-BF4B-00C04F79EFBC}") = "LISTING 3-20 Signing data", "LISTING 3-20 Signing data\LISTING 3-20 Signing data.csproj", "{7C98B5FE-B70B-4BAC-8B54-06F0FF6DB770}"
EndProject
Global
	GlobalSection(SolutionConfigurationPlatforms) = preSolution
		Debug|Any CPU = Debug|Any CPU
		Release|Any CPU = Release|Any CPU
	EndGlobalSection
	GlobalSection(ProjectConfigurationPlatforms) = postSolution
		{7C98B5FE-B70B-4BAC-8B54-06F0FF6DB770}.Debug|Any CPU.ActiveCfg = Debug|Any CPU
		{7C98B5FE-B70B-4BAC-8B54-06F0FF6DB770}.Debug|Any CPU.Build.0 = Debug|Any CPU
		{7C98B5FE-B70B-4BAC-8B54-06F0FF6DB770}.Release|Any CPU.ActiveCfg = Release|Any CPU
		{7C98B5FE-B70B-4BAC-8B54-06F0FF6DB770}.Release|Any CPU.Build.0 = Release|Any CPU
	EndGlobalSection
	GlobalSection(SolutionProperties) = preSolution
		HideSolutionNode = FALSE
	EndGlobalSection
	GlobalSection(ExtensibilityGlobals) = postSolution
		SolutionGuid = {61D8B925-B4F3-4FA8-A9E7-D84F904C744E}
	EndGlobalSection
EndGlobal
