
Microsoft Visual Studio Solution File, Format Version 12.00
# Visual Studio 15
VisualStudioVersion = 15.0.27130.2026
MinimumVisualStudioVersion = 10.0.40219.1
Project("{FAE04EC0-301F-11D3-BF4B-00C04F79EFBC}") = "LISTING 1-60 if construction", "LISTING 1-60 if construction\LISTING 1-60 if construction.csproj", "{333FBD3B-2502-4EA3-B456-2D8AB53EF543}"
EndProject
Global
	GlobalSection(SolutionConfigurationPlatforms) = preSolution
		Debug|Any CPU = Debug|Any CPU
		Release|Any CPU = Release|Any CPU
	EndGlobalSection
	GlobalSection(ProjectConfigurationPlatforms) = postSolution
		{333FBD3B-2502-4EA3-B456-2D8AB53EF543}.Debug|Any CPU.ActiveCfg = Debug|Any CPU
		{333FBD3B-2502-4EA3-B456-2D8AB53EF543}.Debug|Any CPU.Build.0 = Debug|Any CPU
		{333FBD3B-2502-4EA3-B456-2D8AB53EF543}.Release|Any CPU.ActiveCfg = Release|Any CPU
		{333FBD3B-2502-4EA3-B456-2D8AB53EF543}.Release|Any CPU.Build.0 = Release|Any CPU
	EndGlobalSection
	GlobalSection(SolutionProperties) = preSolution
		HideSolutionNode = FALSE
	EndGlobalSection
	GlobalSection(ExtensibilityGlobals) = postSolution
		SolutionGuid = {A7D278AD-1131-49A4-A54C-BA798D741A7A}
	EndGlobalSection
EndGlobal
