
Microsoft Visual Studio Solution File, Format Version 12.00
# Visual Studio 15
VisualStudioVersion = 15.0.27428.2043
MinimumVisualStudioVersion = 10.0.40219.1
Project("{FAE04EC0-301F-11D3-BF4B-00C04F79EFBC}") = "MusicTracks", "MusicTracks\MusicTracks.csproj", "{D548B900-CBB3-4ACA-B91E-780B02450D77}"
EndProject
Global
	GlobalSection(SolutionConfigurationPlatforms) = preSolution
		Debug|Any CPU = Debug|Any CPU
		Release|Any CPU = Release|Any CPU
	EndGlobalSection
	GlobalSection(ProjectConfigurationPlatforms) = postSolution
		{D548B900-CBB3-4ACA-B91E-780B02450D77}.Debug|Any CPU.ActiveCfg = Debug|Any CPU
		{D548B900-CBB3-4ACA-B91E-780B02450D77}.Debug|Any CPU.Build.0 = Debug|Any CPU
		{D548B900-CBB3-4ACA-B91E-780B02450D77}.Release|Any CPU.ActiveCfg = Release|Any CPU
		{D548B900-CBB3-4ACA-B91E-780B02450D77}.Release|Any CPU.Build.0 = Release|Any CPU
	EndGlobalSection
	GlobalSection(SolutionProperties) = preSolution
		HideSolutionNode = FALSE
	EndGlobalSection
	GlobalSection(ExtensibilityGlobals) = postSolution
		SolutionGuid = {AEB26EE2-8619-4A69-8A14-C23276A8C9E8}
	EndGlobalSection
EndGlobal
