
Microsoft Visual Studio Solution File, Format Version 12.00
# Visual Studio 15
VisualStudioVersion = 15.0.27130.2026
MinimumVisualStudioVersion = 10.0.40219.1
Project("{FAE04EC0-301F-11D3-BF4B-00C04F79EFBC}") = "LISTING 3-23 SHA2", "LISTING 3-23 SHA2\LISTING 3-23 SHA2.csproj", "{74F69358-7962-4399-9255-4C5562AFAEDD}"
EndProject
Global
	GlobalSection(SolutionConfigurationPlatforms) = preSolution
		Debug|Any CPU = Debug|Any CPU
		Release|Any CPU = Release|Any CPU
	EndGlobalSection
	GlobalSection(ProjectConfigurationPlatforms) = postSolution
		{74F69358-7962-4399-9255-4C5562AFAEDD}.Debug|Any CPU.ActiveCfg = Debug|Any CPU
		{74F69358-7962-4399-9255-4C5562AFAEDD}.Debug|Any CPU.Build.0 = Debug|Any CPU
		{74F69358-7962-4399-9255-4C5562AFAEDD}.Release|Any CPU.ActiveCfg = Release|Any CPU
		{74F69358-7962-4399-9255-4C5562AFAEDD}.Release|Any CPU.Build.0 = Release|Any CPU
	EndGlobalSection
	GlobalSection(SolutionProperties) = preSolution
		HideSolutionNode = FALSE
	EndGlobalSection
	GlobalSection(ExtensibilityGlobals) = postSolution
		SolutionGuid = {EE0828BE-0096-422B-85C4-FD03320286E7}
	EndGlobalSection
EndGlobal
