
Microsoft Visual Studio Solution File, Format Version 12.00
# Visual Studio 15
VisualStudioVersion = 15.0.27428.2043
MinimumVisualStudioVersion = 10.0.40219.1
Project("{FAE04EC0-301F-11D3-BF4B-00C04F79EFBC}") = "LISTING 3-39 SourceSwitch", "LISTING 3-39 SourceSwitch\LISTING 3-39 SourceSwitch.csproj", "{C77DF35A-4BD2-4251-9C17-6BCA8C535935}"
EndProject
Global
	GlobalSection(SolutionConfigurationPlatforms) = preSolution
		Debug|Any CPU = Debug|Any CPU
		Release|Any CPU = Release|Any CPU
	EndGlobalSection
	GlobalSection(ProjectConfigurationPlatforms) = postSolution
		{C77DF35A-4BD2-4251-9C17-6BCA8C535935}.Debug|Any CPU.ActiveCfg = Debug|Any CPU
		{C77DF35A-4BD2-4251-9C17-6BCA8C535935}.Debug|Any CPU.Build.0 = Debug|Any CPU
		{C77DF35A-4BD2-4251-9C17-6BCA8C535935}.Release|Any CPU.ActiveCfg = Release|Any CPU
		{C77DF35A-4BD2-4251-9C17-6BCA8C535935}.Release|Any CPU.Build.0 = Release|Any CPU
	EndGlobalSection
	GlobalSection(SolutionProperties) = preSolution
		HideSolutionNode = FALSE
	EndGlobalSection
	GlobalSection(ExtensibilityGlobals) = postSolution
		SolutionGuid = {F88C4740-D0ED-4B2B-83E2-C1C8746D9AD9}
	EndGlobalSection
EndGlobal
