
Microsoft Visual Studio Solution File, Format Version 12.00
# Visual Studio 15
VisualStudioVersion = 15.0.27428.2043
MinimumVisualStudioVersion = 10.0.40219.1
Project("{FAE04EC0-301F-11D3-BF4B-00C04F79EFBC}") = "LISTING 4-52 XML Serialization", "LISTING 4-52 XML Serialization\LISTING 4-52 XML Serialization.csproj", "{BD141B28-B968-41ED-8756-8F887B7B8FAE}"
EndProject
Global
	GlobalSection(SolutionConfigurationPlatforms) = preSolution
		Debug|Any CPU = Debug|Any CPU
		Release|Any CPU = Release|Any CPU
	EndGlobalSection
	GlobalSection(ProjectConfigurationPlatforms) = postSolution
		{BD141B28-B968-41ED-8756-8F887B7B8FAE}.Debug|Any CPU.ActiveCfg = Debug|Any CPU
		{BD141B28-B968-41ED-8756-8F887B7B8FAE}.Debug|Any CPU.Build.0 = Debug|Any CPU
		{BD141B28-B968-41ED-8756-8F887B7B8FAE}.Release|Any CPU.ActiveCfg = Release|Any CPU
		{BD141B28-B968-41ED-8756-8F887B7B8FAE}.Release|Any CPU.Build.0 = Release|Any CPU
	EndGlobalSection
	GlobalSection(SolutionProperties) = preSolution
		HideSolutionNode = FALSE
	EndGlobalSection
	GlobalSection(ExtensibilityGlobals) = postSolution
		SolutionGuid = {895DA5D0-76E7-47B8-A9E1-30077F41708E}
	EndGlobalSection
EndGlobal
