
Microsoft Visual Studio Solution File, Format Version 12.00
# Visual Studio 15
VisualStudioVersion = 15.0.27130.2026
MinimumVisualStudioVersion = 10.0.40219.1
Project("{FAE04EC0-301F-11D3-BF4B-00C04F79EFBC}") = "LISTING 2-42 Using foreach", "LISTING 2-42 Using foreach\LISTING 2-42 Using foreach.csproj", "{097122E2-B032-4547-9A33-9CD940244641}"
EndProject
Global
	GlobalSection(SolutionConfigurationPlatforms) = preSolution
		Debug|Any CPU = Debug|Any CPU
		Release|Any CPU = Release|Any CPU
	EndGlobalSection
	GlobalSection(ProjectConfigurationPlatforms) = postSolution
		{097122E2-B032-4547-9A33-9CD940244641}.Debug|Any CPU.ActiveCfg = Debug|Any CPU
		{097122E2-B032-4547-9A33-9CD940244641}.Debug|Any CPU.Build.0 = Debug|Any CPU
		{097122E2-B032-4547-9A33-9CD940244641}.Release|Any CPU.ActiveCfg = Release|Any CPU
		{097122E2-B032-4547-9A33-9CD940244641}.Release|Any CPU.Build.0 = Release|Any CPU
	EndGlobalSection
	GlobalSection(SolutionProperties) = preSolution
		HideSolutionNode = FALSE
	EndGlobalSection
	GlobalSection(ExtensibilityGlobals) = postSolution
		SolutionGuid = {8AD37DAC-9004-4E0F-89BE-983B71ADC645}
	EndGlobalSection
EndGlobal
