
Microsoft Visual Studio Solution File, Format Version 12.00
# Visual Studio 15
VisualStudioVersion = 15.0.27428.2043
MinimumVisualStudioVersion = 10.0.40219.1
Project("{FAE04EC0-301F-11D3-BF4B-00C04F79EFBC}") = "LISTING 4-1 Using a FileStream", "LISTING 4-1 Using a FileStream\LISTING 4-1 Using a FileStream.csproj", "{6AB6C5B1-20F0-4D2F-901A-E3C748942CED}"
EndProject
Global
	GlobalSection(SolutionConfigurationPlatforms) = preSolution
		Debug|Any CPU = Debug|Any CPU
		Release|Any CPU = Release|Any CPU
	EndGlobalSection
	GlobalSection(ProjectConfigurationPlatforms) = postSolution
		{6AB6C5B1-20F0-4D2F-901A-E3C748942CED}.Debug|Any CPU.ActiveCfg = Debug|Any CPU
		{6AB6C5B1-20F0-4D2F-901A-E3C748942CED}.Debug|Any CPU.Build.0 = Debug|Any CPU
		{6AB6C5B1-20F0-4D2F-901A-E3C748942CED}.Release|Any CPU.ActiveCfg = Release|Any CPU
		{6AB6C5B1-20F0-4D2F-901A-E3C748942CED}.Release|Any CPU.Build.0 = Release|Any CPU
	EndGlobalSection
	GlobalSection(SolutionProperties) = preSolution
		HideSolutionNode = FALSE
	EndGlobalSection
	GlobalSection(ExtensibilityGlobals) = postSolution
		SolutionGuid = {D146FA36-3B8B-4186-8605-CEC896EB4FAA}
	EndGlobalSection
EndGlobal
