
Microsoft Visual Studio Solution File, Format Version 12.00
# Visual Studio 15
VisualStudioVersion = 15.0.27428.2043
MinimumVisualStudioVersion = 10.0.40219.1
Project("{FAE04EC0-301F-11D3-BF4B-00C04F79EFBC}") = "LISTING 4-49 Custom serialization", "LISTING 4-49 Custom serialization\LISTING 4-49 Custom serialization.csproj", "{7BF070D3-43B3-4F20-B36B-167BA72595C3}"
EndProject
Global
	GlobalSection(SolutionConfigurationPlatforms) = preSolution
		Debug|Any CPU = Debug|Any CPU
		Release|Any CPU = Release|Any CPU
	EndGlobalSection
	GlobalSection(ProjectConfigurationPlatforms) = postSolution
		{7BF070D3-43B3-4F20-B36B-167BA72595C3}.Debug|Any CPU.ActiveCfg = Debug|Any CPU
		{7BF070D3-43B3-4F20-B36B-167BA72595C3}.Debug|Any CPU.Build.0 = Debug|Any CPU
		{7BF070D3-43B3-4F20-B36B-167BA72595C3}.Release|Any CPU.ActiveCfg = Release|Any CPU
		{7BF070D3-43B3-4F20-B36B-167BA72595C3}.Release|Any CPU.Build.0 = Release|Any CPU
	EndGlobalSection
	GlobalSection(SolutionProperties) = preSolution
		HideSolutionNode = FALSE
	EndGlobalSection
	GlobalSection(ExtensibilityGlobals) = postSolution
		SolutionGuid = {5FBA1CAC-79CD-441F-8EBC-20F8EA738AC4}
	EndGlobalSection
EndGlobal
