
Microsoft Visual Studio Solution File, Format Version 12.00
# Visual Studio 15
VisualStudioVersion = 15.0.27130.2026
MinimumVisualStudioVersion = 10.0.40219.1
Project("{FAE04EC0-301F-11D3-BF4B-00C04F79EFBC}") = "LISTING 2-52 The GetType method", "LISTING 2-52 The GetType method\LISTING 2-52 The GetType method.csproj", "{1C5271F2-8400-44DB-8ECD-523077EE5A14}"
EndProject
Global
	GlobalSection(SolutionConfigurationPlatforms) = preSolution
		Debug|Any CPU = Debug|Any CPU
		Release|Any CPU = Release|Any CPU
	EndGlobalSection
	GlobalSection(ProjectConfigurationPlatforms) = postSolution
		{1C5271F2-8400-44DB-8ECD-523077EE5A14}.Debug|Any CPU.ActiveCfg = Debug|Any CPU
		{1C5271F2-8400-44DB-8ECD-523077EE5A14}.Debug|Any CPU.Build.0 = Debug|Any CPU
		{1C5271F2-8400-44DB-8ECD-523077EE5A14}.Release|Any CPU.ActiveCfg = Release|Any CPU
		{1C5271F2-8400-44DB-8ECD-523077EE5A14}.Release|Any CPU.Build.0 = Release|Any CPU
	EndGlobalSection
	GlobalSection(SolutionProperties) = preSolution
		HideSolutionNode = FALSE
	EndGlobalSection
	GlobalSection(ExtensibilityGlobals) = postSolution
		SolutionGuid = {5B582960-1D0F-44B1-9C96-CE957F95D878}
	EndGlobalSection
EndGlobal
