
Microsoft Visual Studio Solution File, Format Version 12.00
# Visual Studio 15
VisualStudioVersion = 15.0.27428.2043
MinimumVisualStudioVersion = 10.0.40219.1
Project("{FAE04EC0-301F-11D3-BF4B-00C04F79EFBC}") = "LISTING 3-38 TraceSwitch", "LISTING 3-38 TraceSwitch\LISTING 3-38 TraceSwitch.csproj", "{FBA38E07-C3DC-4BBC-8724-1F4220A05646}"
EndProject
Global
	GlobalSection(SolutionConfigurationPlatforms) = preSolution
		Debug|Any CPU = Debug|Any CPU
		Release|Any CPU = Release|Any CPU
	EndGlobalSection
	GlobalSection(ProjectConfigurationPlatforms) = postSolution
		{FBA38E07-C3DC-4BBC-8724-1F4220A05646}.Debug|Any CPU.ActiveCfg = Debug|Any CPU
		{FBA38E07-C3DC-4BBC-8724-1F4220A05646}.Debug|Any CPU.Build.0 = Debug|Any CPU
		{FBA38E07-C3DC-4BBC-8724-1F4220A05646}.Release|Any CPU.ActiveCfg = Release|Any CPU
		{FBA38E07-C3DC-4BBC-8724-1F4220A05646}.Release|Any CPU.Build.0 = Release|Any CPU
	EndGlobalSection
	GlobalSection(SolutionProperties) = preSolution
		HideSolutionNode = FALSE
	EndGlobalSection
	GlobalSection(ExtensibilityGlobals) = postSolution
		SolutionGuid = {391F6A39-6332-4AF1-9CC9-98D02980FCBA}
	EndGlobalSection
EndGlobal
