
Microsoft Visual Studio Solution File, Format Version 12.00
# Visual Studio 15
VisualStudioVersion = 15.0.27428.2043
MinimumVisualStudioVersion = 10.0.40219.1
Project("{FAE04EC0-301F-11D3-BF4B-00C04F79EFBC}") = "LISTING 3-35 Assertions in debug", "LISTING 3-35 Assertions in debug\LISTING 3-35 Assertions in debug.csproj", "{7F58967D-B4B1-4F90-99C3-CD4EAB22A89C}"
EndProject
Global
	GlobalSection(SolutionConfigurationPlatforms) = preSolution
		Debug|Any CPU = Debug|Any CPU
		Release|Any CPU = Release|Any CPU
	EndGlobalSection
	GlobalSection(ProjectConfigurationPlatforms) = postSolution
		{7F58967D-B4B1-4F90-99C3-CD4EAB22A89C}.Debug|Any CPU.ActiveCfg = Debug|Any CPU
		{7F58967D-B4B1-4F90-99C3-CD4EAB22A89C}.Debug|Any CPU.Build.0 = Debug|Any CPU
		{7F58967D-B4B1-4F90-99C3-CD4EAB22A89C}.Release|Any CPU.ActiveCfg = Release|Any CPU
		{7F58967D-B4B1-4F90-99C3-CD4EAB22A89C}.Release|Any CPU.Build.0 = Release|Any CPU
	EndGlobalSection
	GlobalSection(SolutionProperties) = preSolution
		HideSolutionNode = FALSE
	EndGlobalSection
	GlobalSection(ExtensibilityGlobals) = postSolution
		SolutionGuid = {DFED58AE-A0B2-40F9-B595-1D25D48FC049}
	EndGlobalSection
EndGlobal
