
Microsoft Visual Studio Solution File, Format Version 12.00
# Visual Studio 15
VisualStudioVersion = 15.0.27130.2026
MinimumVisualStudioVersion = 10.0.40219.1
Project("{FAE04EC0-301F-11D3-BF4B-00C04F79EFBC}") = "LISTING 2-35 BabyAccount", "LISTING 2-35 BabyAccount\LISTING 2-35 BabyAccount.csproj", "{DAE0D4FA-7E64-433C-A0ED-61C701B6C1D5}"
EndProject
Global
	GlobalSection(SolutionConfigurationPlatforms) = preSolution
		Debug|Any CPU = Debug|Any CPU
		Release|Any CPU = Release|Any CPU
	EndGlobalSection
	GlobalSection(ProjectConfigurationPlatforms) = postSolution
		{DAE0D4FA-7E64-433C-A0ED-61C701B6C1D5}.Debug|Any CPU.ActiveCfg = Debug|Any CPU
		{DAE0D4FA-7E64-433C-A0ED-61C701B6C1D5}.Debug|Any CPU.Build.0 = Debug|Any CPU
		{DAE0D4FA-7E64-433C-A0ED-61C701B6C1D5}.Release|Any CPU.ActiveCfg = Release|Any CPU
		{DAE0D4FA-7E64-433C-A0ED-61C701B6C1D5}.Release|Any CPU.Build.0 = Release|Any CPU
	EndGlobalSection
	GlobalSection(SolutionProperties) = preSolution
		HideSolutionNode = FALSE
	EndGlobalSection
	GlobalSection(ExtensibilityGlobals) = postSolution
		SolutionGuid = {4FA3817A-487F-4C20-8AE1-213A27661EDB}
	EndGlobalSection
EndGlobal
