
Microsoft Visual Studio Solution File, Format Version 12.00
# Visual Studio 15
VisualStudioVersion = 15.0.27428.2043
MinimumVisualStudioVersion = 10.0.40219.1
Project("{FAE04EC0-301F-11D3-BF4B-00C04F79EFBC}") = "LISTING 3-42 Read performance counters", "LISTING 3-42 Read performance counters\LISTING 3-42 Read performance counters.csproj", "{15F2988D-0E47-40A5-BE2F-90BC36EB56BE}"
EndProject
Global
	GlobalSection(SolutionConfigurationPlatforms) = preSolution
		Debug|Any CPU = Debug|Any CPU
		Release|Any CPU = Release|Any CPU
	EndGlobalSection
	GlobalSection(ProjectConfigurationPlatforms) = postSolution
		{15F2988D-0E47-40A5-BE2F-90BC36EB56BE}.Debug|Any CPU.ActiveCfg = Debug|Any CPU
		{15F2988D-0E47-40A5-BE2F-90BC36EB56BE}.Debug|Any CPU.Build.0 = Debug|Any CPU
		{15F2988D-0E47-40A5-BE2F-90BC36EB56BE}.Release|Any CPU.ActiveCfg = Release|Any CPU
		{15F2988D-0E47-40A5-BE2F-90BC36EB56BE}.Release|Any CPU.Build.0 = Release|Any CPU
	EndGlobalSection
	GlobalSection(SolutionProperties) = preSolution
		HideSolutionNode = FALSE
	EndGlobalSection
	GlobalSection(ExtensibilityGlobals) = postSolution
		SolutionGuid = {6E33A0D1-C981-4EA5-B5FC-BE6E7D4A8E79}
	EndGlobalSection
EndGlobal
