
Microsoft Visual Studio Solution File, Format Version 12.00
# Visual Studio 15
VisualStudioVersion = 15.0.27130.2026
MinimumVisualStudioVersion = 10.0.40219.1
Project("{FAE04EC0-301F-11D3-BF4B-00C04F79EFBC}") = "LISTING 3-3 Validating JSON", "LISTING 3-3 Validating JSON\LISTING 3-3 Validating JSON.csproj", "{A11BDC82-8F37-4557-B39B-641B92181682}"
EndProject
Global
	GlobalSection(SolutionConfigurationPlatforms) = preSolution
		Debug|Any CPU = Debug|Any CPU
		Release|Any CPU = Release|Any CPU
	EndGlobalSection
	GlobalSection(ProjectConfigurationPlatforms) = postSolution
		{A11BDC82-8F37-4557-B39B-641B92181682}.Debug|Any CPU.ActiveCfg = Debug|Any CPU
		{A11BDC82-8F37-4557-B39B-641B92181682}.Debug|Any CPU.Build.0 = Debug|Any CPU
		{A11BDC82-8F37-4557-B39B-641B92181682}.Release|Any CPU.ActiveCfg = Release|Any CPU
		{A11BDC82-8F37-4557-B39B-641B92181682}.Release|Any CPU.Build.0 = Release|Any CPU
	EndGlobalSection
	GlobalSection(SolutionProperties) = preSolution
		HideSolutionNode = FALSE
	EndGlobalSection
	GlobalSection(ExtensibilityGlobals) = postSolution
		SolutionGuid = {A3D48E9C-E987-4B78-8C53-C47364C1C3B0}
	EndGlobalSection
EndGlobal
