
Microsoft Visual Studio Solution File, Format Version 12.00
# Visual Studio 15
VisualStudioVersion = 15.0.27130.2026
MinimumVisualStudioVersion = 10.0.40219.1
Project("{FAE04EC0-301F-11D3-BF4B-00C04F79EFBC}") = "LISTING 2-75 String interpolation", "LISTING 2-75 String interpolation\LISTING 2-75 String interpolation.csproj", "{38F5D44B-6AB4-4972-9C65-2DED44DA9BA2}"
EndProject
Global
	GlobalSection(SolutionConfigurationPlatforms) = preSolution
		Debug|Any CPU = Debug|Any CPU
		Release|Any CPU = Release|Any CPU
	EndGlobalSection
	GlobalSection(ProjectConfigurationPlatforms) = postSolution
		{38F5D44B-6AB4-4972-9C65-2DED44DA9BA2}.Debug|Any CPU.ActiveCfg = Debug|Any CPU
		{38F5D44B-6AB4-4972-9C65-2DED44DA9BA2}.Debug|Any CPU.Build.0 = Debug|Any CPU
		{38F5D44B-6AB4-4972-9C65-2DED44DA9BA2}.Release|Any CPU.ActiveCfg = Release|Any CPU
		{38F5D44B-6AB4-4972-9C65-2DED44DA9BA2}.Release|Any CPU.Build.0 = Release|Any CPU
	EndGlobalSection
	GlobalSection(SolutionProperties) = preSolution
		HideSolutionNode = FALSE
	EndGlobalSection
	GlobalSection(ExtensibilityGlobals) = postSolution
		SolutionGuid = {EE1CE4A0-D66E-4182-938E-84581D1D611A}
	EndGlobalSection
EndGlobal
