
Microsoft Visual Studio Solution File, Format Version 12.00
# Visual Studio 15
VisualStudioVersion = 15.0.27130.2026
MinimumVisualStudioVersion = 10.0.40219.1
Project("{FAE04EC0-301F-11D3-BF4B-00C04F79EFBC}") = "LISTING 1-4 Managing a parallel For loop", "LISTING 1-4 Managing a parallel For loop\LISTING 1-4 Managing a parallel For loop.csproj", "{90382639-E9C3-4DA3-9812-96D7AC9E3C89}"
EndProject
Global
	GlobalSection(SolutionConfigurationPlatforms) = preSolution
		Debug|Any CPU = Debug|Any CPU
		Release|Any CPU = Release|Any CPU
	EndGlobalSection
	GlobalSection(ProjectConfigurationPlatforms) = postSolution
		{90382639-E9C3-4DA3-9812-96D7AC9E3C89}.Debug|Any CPU.ActiveCfg = Debug|Any CPU
		{90382639-E9C3-4DA3-9812-96D7AC9E3C89}.Debug|Any CPU.Build.0 = Debug|Any CPU
		{90382639-E9C3-4DA3-9812-96D7AC9E3C89}.Release|Any CPU.ActiveCfg = Release|Any CPU
		{90382639-E9C3-4DA3-9812-96D7AC9E3C89}.Release|Any CPU.Build.0 = Release|Any CPU
	EndGlobalSection
	GlobalSection(SolutionProperties) = preSolution
		HideSolutionNode = FALSE
	EndGlobalSection
	GlobalSection(ExtensibilityGlobals) = postSolution
		SolutionGuid = {F789B002-8866-4A02-912B-1816AFE34CD7}
	EndGlobalSection
EndGlobal
