
Microsoft Visual Studio Solution File, Format Version 12.00
# Visual Studio 15
VisualStudioVersion = 15.0.27428.2043
MinimumVisualStudioVersion = 10.0.40219.1
Project("{FAE04EC0-301F-11D3-BF4B-00C04F79EFBC}") = "LISTING 3-29 Conditional compilation", "LISTING 3-29 Conditional compilation\LISTING 3-29 Conditional compilation.csproj", "{0F96C2EE-76C6-4E5F-86B2-ED88E5689EE3}"
EndProject
Global
	GlobalSection(SolutionConfigurationPlatforms) = preSolution
		Debug|Any CPU = Debug|Any CPU
		Release|Any CPU = Release|Any CPU
	EndGlobalSection
	GlobalSection(ProjectConfigurationPlatforms) = postSolution
		{0F96C2EE-76C6-4E5F-86B2-ED88E5689EE3}.Debug|Any CPU.ActiveCfg = Debug|Any CPU
		{0F96C2EE-76C6-4E5F-86B2-ED88E5689EE3}.Debug|Any CPU.Build.0 = Debug|Any CPU
		{0F96C2EE-76C6-4E5F-86B2-ED88E5689EE3}.Release|Any CPU.ActiveCfg = Release|Any CPU
		{0F96C2EE-76C6-4E5F-86B2-ED88E5689EE3}.Release|Any CPU.Build.0 = Release|Any CPU
	EndGlobalSection
	GlobalSection(SolutionProperties) = preSolution
		HideSolutionNode = FALSE
	EndGlobalSection
	GlobalSection(ExtensibilityGlobals) = postSolution
		SolutionGuid = {5DB2429D-2AC2-45A7-8DDC-4F851C8EE9AD}
	EndGlobalSection
EndGlobal
