
Microsoft Visual Studio Solution File, Format Version 12.00
# Visual Studio 15
VisualStudioVersion = 15.0.27428.2043
MinimumVisualStudioVersion = 10.0.40219.1
Project("{FAE04EC0-301F-11D3-BF4B-00C04F79EFBC}") = "LISTING 4-56 ArrayList example", "LISTING 4-56 ArrayList example\LISTING 4-56 ArrayList example.csproj", "{AC735DB1-8CA6-40E7-B3A5-AEF122E307F0}"
EndProject
Global
	GlobalSection(SolutionConfigurationPlatforms) = preSolution
		Debug|Any CPU = Debug|Any CPU
		Release|Any CPU = Release|Any CPU
	EndGlobalSection
	GlobalSection(ProjectConfigurationPlatforms) = postSolution
		{AC735DB1-8CA6-40E7-B3A5-AEF122E307F0}.Debug|Any CPU.ActiveCfg = Debug|Any CPU
		{AC735DB1-8CA6-40E7-B3A5-AEF122E307F0}.Debug|Any CPU.Build.0 = Debug|Any CPU
		{AC735DB1-8CA6-40E7-B3A5-AEF122E307F0}.Release|Any CPU.ActiveCfg = Release|Any CPU
		{AC735DB1-8CA6-40E7-B3A5-AEF122E307F0}.Release|Any CPU.Build.0 = Release|Any CPU
	EndGlobalSection
	GlobalSection(SolutionProperties) = preSolution
		HideSolutionNode = FALSE
	EndGlobalSection
	GlobalSection(ExtensibilityGlobals) = postSolution
		SolutionGuid = {37D6549F-DD9B-400E-AE60-89C0388D7294}
	EndGlobalSection
EndGlobal
