
Microsoft Visual Studio Solution File, Format Version 12.00
# Visual Studio 15
VisualStudioVersion = 15.0.27130.2026
MinimumVisualStudioVersion = 10.0.40219.1
Project("{FAE04EC0-301F-11D3-BF4B-00C04F79EFBC}") = "LISTING 1-44 Sensible locking", "LISTING 1-44 Sensible locking\LISTING 1-44 Sensible locking.csproj", "{4737BC2C-AFBB-4BC6-8878-0C81A43309EC}"
EndProject
Global
	GlobalSection(SolutionConfigurationPlatforms) = preSolution
		Debug|Any CPU = Debug|Any CPU
		Release|Any CPU = Release|Any CPU
	EndGlobalSection
	GlobalSection(ProjectConfigurationPlatforms) = postSolution
		{4737BC2C-AFBB-4BC6-8878-0C81A43309EC}.Debug|Any CPU.ActiveCfg = Debug|Any CPU
		{4737BC2C-AFBB-4BC6-8878-0C81A43309EC}.Debug|Any CPU.Build.0 = Debug|Any CPU
		{4737BC2C-AFBB-4BC6-8878-0C81A43309EC}.Release|Any CPU.ActiveCfg = Release|Any CPU
		{4737BC2C-AFBB-4BC6-8878-0C81A43309EC}.Release|Any CPU.Build.0 = Release|Any CPU
	EndGlobalSection
	GlobalSection(SolutionProperties) = preSolution
		HideSolutionNode = FALSE
	EndGlobalSection
	GlobalSection(ExtensibilityGlobals) = postSolution
		SolutionGuid = {D4D43901-CC25-4C9F-9C47-BE963F15DCF2}
	EndGlobalSection
EndGlobal
