
Microsoft Visual Studio Solution File, Format Version 12.00
# Visual Studio 15
VisualStudioVersion = 15.0.27428.2043
MinimumVisualStudioVersion = 10.0.40219.1
Project("{FAE04EC0-301F-11D3-BF4B-00C04F79EFBC}") = "LISTING 4-26 XML elements", "LISTING 4-26 XML elements\LISTING 4-26 XML elements.csproj", "{E172B5E2-324B-4DCC-8199-45F1A9C337A9}"
EndProject
Global
	GlobalSection(SolutionConfigurationPlatforms) = preSolution
		Debug|Any CPU = Debug|Any CPU
		Release|Any CPU = Release|Any CPU
	EndGlobalSection
	GlobalSection(ProjectConfigurationPlatforms) = postSolution
		{E172B5E2-324B-4DCC-8199-45F1A9C337A9}.Debug|Any CPU.ActiveCfg = Debug|Any CPU
		{E172B5E2-324B-4DCC-8199-45F1A9C337A9}.Debug|Any CPU.Build.0 = Debug|Any CPU
		{E172B5E2-324B-4DCC-8199-45F1A9C337A9}.Release|Any CPU.ActiveCfg = Release|Any CPU
		{E172B5E2-324B-4DCC-8199-45F1A9C337A9}.Release|Any CPU.Build.0 = Release|Any CPU
	EndGlobalSection
	GlobalSection(SolutionProperties) = preSolution
		HideSolutionNode = FALSE
	EndGlobalSection
	GlobalSection(ExtensibilityGlobals) = postSolution
		SolutionGuid = {9D3EA631-731E-48BA-8396-C4CD3BB6A0D5}
	EndGlobalSection
EndGlobal
