
Microsoft Visual Studio Solution File, Format Version 12.00
# Visual Studio 15
VisualStudioVersion = 15.0.27428.2043
MinimumVisualStudioVersion = 10.0.40219.1
Project("{FAE04EC0-301F-11D3-BF4B-00C04F79EFBC}") = "LISTING 4-33 LINQ projection", "LISTING 4-33 LINQ projection\LISTING 4-33 LINQ projection.csproj", "{7E913381-C85B-47AA-9C67-12F9CF5CC78E}"
EndProject
Global
	GlobalSection(SolutionConfigurationPlatforms) = preSolution
		Debug|Any CPU = Debug|Any CPU
		Release|Any CPU = Release|Any CPU
	EndGlobalSection
	GlobalSection(ProjectConfigurationPlatforms) = postSolution
		{7E913381-C85B-47AA-9C67-12F9CF5CC78E}.Debug|Any CPU.ActiveCfg = Debug|Any CPU
		{7E913381-C85B-47AA-9C67-12F9CF5CC78E}.Debug|Any CPU.Build.0 = Debug|Any CPU
		{7E913381-C85B-47AA-9C67-12F9CF5CC78E}.Release|Any CPU.ActiveCfg = Release|Any CPU
		{7E913381-C85B-47AA-9C67-12F9CF5CC78E}.Release|Any CPU.Build.0 = Release|Any CPU
	EndGlobalSection
	GlobalSection(SolutionProperties) = preSolution
		HideSolutionNode = FALSE
	EndGlobalSection
	GlobalSection(ExtensibilityGlobals) = postSolution
		SolutionGuid = {A2EA0406-7424-4FD5-86B6-78450BA52485}
	EndGlobalSection
EndGlobal
