
Microsoft Visual Studio Solution File, Format Version 12.00
# Visual Studio 15
VisualStudioVersion = 15.0.27428.2043
MinimumVisualStudioVersion = 10.0.40219.1
Project("{FAE04EC0-301F-11D3-BF4B-00C04F79EFBC}") = "LISTING 4-54 Data contract serializer", "LISTING 4-54 Data contract serializer\LISTING 4-54 Data contract serializer.csproj", "{FF04ADEE-7A82-4762-A101-5C2DA8B7EFE4}"
EndProject
Global
	GlobalSection(SolutionConfigurationPlatforms) = preSolution
		Debug|Any CPU = Debug|Any CPU
		Release|Any CPU = Release|Any CPU
	EndGlobalSection
	GlobalSection(ProjectConfigurationPlatforms) = postSolution
		{FF04ADEE-7A82-4762-A101-5C2DA8B7EFE4}.Debug|Any CPU.ActiveCfg = Debug|Any CPU
		{FF04ADEE-7A82-4762-A101-5C2DA8B7EFE4}.Debug|Any CPU.Build.0 = Debug|Any CPU
		{FF04ADEE-7A82-4762-A101-5C2DA8B7EFE4}.Release|Any CPU.ActiveCfg = Release|Any CPU
		{FF04ADEE-7A82-4762-A101-5C2DA8B7EFE4}.Release|Any CPU.Build.0 = Release|Any CPU
	EndGlobalSection
	GlobalSection(SolutionProperties) = preSolution
		HideSolutionNode = FALSE
	EndGlobalSection
	GlobalSection(ExtensibilityGlobals) = postSolution
		SolutionGuid = {A9D9A502-1399-45FA-B9E6-DB7095811D28}
	EndGlobalSection
EndGlobal
