
Microsoft Visual Studio Solution File, Format Version 12.00
# Visual Studio 15
VisualStudioVersion = 15.0.27428.2043
MinimumVisualStudioVersion = 10.0.40219.1
Project("{FAE04EC0-301F-11D3-BF4B-00C04F79EFBC}") = "LISTING 3-41 Stopwatch class", "LISTING 3-41 Stopwatch class\LISTING 3-41 Stopwatch class.csproj", "{72B7AE33-EDE5-46A4-8274-32B2F8E4C0F5}"
EndProject
Global
	GlobalSection(Performance) = preSolution
		HasPerformanceSessions = true
	EndGlobalSection
	GlobalSection(SolutionConfigurationPlatforms) = preSolution
		Debug|Any CPU = Debug|Any CPU
		Release|Any CPU = Release|Any CPU
	EndGlobalSection
	GlobalSection(ProjectConfigurationPlatforms) = postSolution
		{72B7AE33-EDE5-46A4-8274-32B2F8E4C0F5}.Debug|Any CPU.ActiveCfg = Debug|Any CPU
		{72B7AE33-EDE5-46A4-8274-32B2F8E4C0F5}.Debug|Any CPU.Build.0 = Debug|Any CPU
		{72B7AE33-EDE5-46A4-8274-32B2F8E4C0F5}.Release|Any CPU.ActiveCfg = Release|Any CPU
		{72B7AE33-EDE5-46A4-8274-32B2F8E4C0F5}.Release|Any CPU.Build.0 = Release|Any CPU
	EndGlobalSection
	GlobalSection(SolutionProperties) = preSolution
		HideSolutionNode = FALSE
	EndGlobalSection
	GlobalSection(ExtensibilityGlobals) = postSolution
		SolutionGuid = {AB6ECC80-283A-4E80-9868-0289E81C49E8}
	EndGlobalSection
	GlobalSection(Performance) = preSolution
		HasPerformanceSessions = true
	EndGlobalSection
EndGlobal
