
Microsoft Visual Studio Solution File, Format Version 12.00
# Visual Studio 15
VisualStudioVersion = 15.0.27130.2026
MinimumVisualStudioVersion = 10.0.40219.1
Project("{FAE04EC0-301F-11D3-BF4B-00C04F79EFBC}") = "LISTING 1-49 cancel a task", "LISTING 1-49 cancel a task\LISTING 1-49 cancel a task.csproj", "{F61002C9-86DA-4E4C-8077-55A05D9F56E6}"
EndProject
Global
	GlobalSection(SolutionConfigurationPlatforms) = preSolution
		Debug|Any CPU = Debug|Any CPU
		Release|Any CPU = Release|Any CPU
	EndGlobalSection
	GlobalSection(ProjectConfigurationPlatforms) = postSolution
		{F61002C9-86DA-4E4C-8077-55A05D9F56E6}.Debug|Any CPU.ActiveCfg = Debug|Any CPU
		{F61002C9-86DA-4E4C-8077-55A05D9F56E6}.Debug|Any CPU.Build.0 = Debug|Any CPU
		{F61002C9-86DA-4E4C-8077-55A05D9F56E6}.Release|Any CPU.ActiveCfg = Release|Any CPU
		{F61002C9-86DA-4E4C-8077-55A05D9F56E6}.Release|Any CPU.Build.0 = Release|Any CPU
	EndGlobalSection
	GlobalSection(SolutionProperties) = preSolution
		HideSolutionNode = FALSE
	EndGlobalSection
	GlobalSection(ExtensibilityGlobals) = postSolution
		SolutionGuid = {EB872818-FAC0-48B0-B17F-3D1E3EF72D13}
	EndGlobalSection
EndGlobal
