
Microsoft Visual Studio Solution File, Format Version 12.00
# Visual Studio 15
VisualStudioVersion = 15.0.27130.2026
MinimumVisualStudioVersion = 10.0.40219.1
Project("{FAE04EC0-301F-11D3-BF4B-00C04F79EFBC}") = "LISTING 2-74 Format provider", "LISTING 2-74 Format provider\LISTING 2-74 Format provider.csproj", "{05E8514B-4F99-4DC0-9FE7-1702B663DE16}"
EndProject
Global
	GlobalSection(SolutionConfigurationPlatforms) = preSolution
		Debug|Any CPU = Debug|Any CPU
		Release|Any CPU = Release|Any CPU
	EndGlobalSection
	GlobalSection(ProjectConfigurationPlatforms) = postSolution
		{05E8514B-4F99-4DC0-9FE7-1702B663DE16}.Debug|Any CPU.ActiveCfg = Debug|Any CPU
		{05E8514B-4F99-4DC0-9FE7-1702B663DE16}.Debug|Any CPU.Build.0 = Debug|Any CPU
		{05E8514B-4F99-4DC0-9FE7-1702B663DE16}.Release|Any CPU.ActiveCfg = Release|Any CPU
		{05E8514B-4F99-4DC0-9FE7-1702B663DE16}.Release|Any CPU.Build.0 = Release|Any CPU
	EndGlobalSection
	GlobalSection(SolutionProperties) = preSolution
		HideSolutionNode = FALSE
	EndGlobalSection
	GlobalSection(ExtensibilityGlobals) = postSolution
		SolutionGuid = {ED4E4B0C-C92A-43B4-829F-4E5D45125E44}
	EndGlobalSection
EndGlobal
