
Microsoft Visual Studio Solution File, Format Version 12.00
# Visual Studio 15
VisualStudioVersion = 15.0.27130.2026
MinimumVisualStudioVersion = 10.0.40219.1
Project("{FAE04EC0-301F-11D3-BF4B-00C04F79EFBC}") = "LISTING 2-53 Investigating a type", "LISTING 2-53 Investigating a type\LISTING 2-53 Investigating a type.csproj", "{6E32CDD1-8650-4B0C-84D5-8DB8B74E6CF6}"
EndProject
Global
	GlobalSection(SolutionConfigurationPlatforms) = preSolution
		Debug|Any CPU = Debug|Any CPU
		Release|Any CPU = Release|Any CPU
	EndGlobalSection
	GlobalSection(ProjectConfigurationPlatforms) = postSolution
		{6E32CDD1-8650-4B0C-84D5-8DB8B74E6CF6}.Debug|Any CPU.ActiveCfg = Debug|Any CPU
		{6E32CDD1-8650-4B0C-84D5-8DB8B74E6CF6}.Debug|Any CPU.Build.0 = Debug|Any CPU
		{6E32CDD1-8650-4B0C-84D5-8DB8B74E6CF6}.Release|Any CPU.ActiveCfg = Release|Any CPU
		{6E32CDD1-8650-4B0C-84D5-8DB8B74E6CF6}.Release|Any CPU.Build.0 = Release|Any CPU
	EndGlobalSection
	GlobalSection(SolutionProperties) = preSolution
		HideSolutionNode = FALSE
	EndGlobalSection
	GlobalSection(ExtensibilityGlobals) = postSolution
		SolutionGuid = {223D0DF1-4999-45B5-B466-3025EB7DE15B}
	EndGlobalSection
EndGlobal
