
Microsoft Visual Studio Solution File, Format Version 12.00
# Visual Studio 15
VisualStudioVersion = 15.0.27130.2026
MinimumVisualStudioVersion = 10.0.40219.1
Project("{FAE04EC0-301F-11D3-BF4B-00C04F79EFBC}") = "LISTING 2-1 Value and reference types", "LISTING 2-1 Value and reference types\LISTING 2-1 Value and reference types.csproj", "{1E510DB2-33D7-4B36-AA02-1F70D03FD9F2}"
EndProject
Global
	GlobalSection(SolutionConfigurationPlatforms) = preSolution
		Debug|Any CPU = Debug|Any CPU
		Release|Any CPU = Release|Any CPU
	EndGlobalSection
	GlobalSection(ProjectConfigurationPlatforms) = postSolution
		{1E510DB2-33D7-4B36-AA02-1F70D03FD9F2}.Debug|Any CPU.ActiveCfg = Debug|Any CPU
		{1E510DB2-33D7-4B36-AA02-1F70D03FD9F2}.Debug|Any CPU.Build.0 = Debug|Any CPU
		{1E510DB2-33D7-4B36-AA02-1F70D03FD9F2}.Release|Any CPU.ActiveCfg = Release|Any CPU
		{1E510DB2-33D7-4B36-AA02-1F70D03FD9F2}.Release|Any CPU.Build.0 = Release|Any CPU
	EndGlobalSection
	GlobalSection(SolutionProperties) = preSolution
		HideSolutionNode = FALSE
	EndGlobalSection
	GlobalSection(ExtensibilityGlobals) = postSolution
		SolutionGuid = {2179FD35-5DF7-4F7A-9986-6B3EA1284B93}
	EndGlobalSection
EndGlobal
