
Microsoft Visual Studio Solution File, Format Version 12.00
# Visual Studio 15
VisualStudioVersion = 15.0.27130.2026
MinimumVisualStudioVersion = 10.0.40219.1
Project("{FAE04EC0-301F-11D3-BF4B-00C04F79EFBC}") = "LISTING 2-59 Modifying an expression tree", "LISTING 2-59 Modifying an expression tree\LISTING 2-59 Modifying an expression tree.csproj", "{5BBCA5C0-088B-495E-B7EA-3F1EDE1365B2}"
EndProject
Global
	GlobalSection(SolutionConfigurationPlatforms) = preSolution
		Debug|Any CPU = Debug|Any CPU
		Release|Any CPU = Release|Any CPU
	EndGlobalSection
	GlobalSection(ProjectConfigurationPlatforms) = postSolution
		{5BBCA5C0-088B-495E-B7EA-3F1EDE1365B2}.Debug|Any CPU.ActiveCfg = Debug|Any CPU
		{5BBCA5C0-088B-495E-B7EA-3F1EDE1365B2}.Debug|Any CPU.Build.0 = Debug|Any CPU
		{5BBCA5C0-088B-495E-B7EA-3F1EDE1365B2}.Release|Any CPU.ActiveCfg = Release|Any CPU
		{5BBCA5C0-088B-495E-B7EA-3F1EDE1365B2}.Release|Any CPU.Build.0 = Release|Any CPU
	EndGlobalSection
	GlobalSection(SolutionProperties) = preSolution
		HideSolutionNode = FALSE
	EndGlobalSection
	GlobalSection(ExtensibilityGlobals) = postSolution
		SolutionGuid = {EE2CC93C-4C8D-45CB-8054-FBC5ACF507CD}
	EndGlobalSection
EndGlobal
